
Microsoft Visual Studio Solution File, Format Version 12.00
# Visual Studio 15
VisualStudioVersion = 15.0.27130.2020
MinimumVisualStudioVersion = 10.0.40219.1
Project("{2150E333-8FDC-42A3-9474-1A3956D46DE8}") = "Tests", "Tests", "{6E913090-EA34-4A90-8DBB-1501F9981F53}"
EndProject
Project("{2150E333-8FDC-42A3-9474-1A3956D46DE8}") = "BasicModels", "BasicModels", "{BC5282AF-0E6A-41FF-B4C3-07D44A55E0BE}"
EndProject
Project("{2150E333-8FDC-42A3-9474-1A3956D46DE8}") = "Solution Items", "Solution Items", "{9DEAD117-3101-4DED-9FCC-8AA28CF4F34C}"
	ProjectSection(SolutionItems) = preProject
		.gitignore = .gitignore
		appveyor.yml = appveyor.yml
		Conception.docx = Conception.docx
		nuget.config = nuget.config
		RepositoryInfo.xml = RepositoryInfo.xml
		Common\Shared.props = Common\Shared.props
		Common\SharedKey.snk = Common\SharedKey.snk
	EndProjectSection
EndProject
Project("{2150E333-8FDC-42A3-9474-1A3956D46DE8}") = "SqlCallDemo", "SqlCallDemo", "{5EC943B9-9907-4B3B-A5CD-9155F23E2D6A}"
EndProject
Project("{2150E333-8FDC-42A3-9474-1A3956D46DE8}") = "SqlTransform", "SqlTransform", "{CBCECF22-8C57-45FB-BD64-93C2E23331F8}"
	ProjectSection(SolutionItems) = preProject
		Tests\SqlTransform\TestHelper.config = Tests\SqlTransform\TestHelper.config
	EndProjectSection
EndProject
Project("{2150E333-8FDC-42A3-9474-1A3956D46DE8}") = "Model", "Model", "{68CE5112-727D-4462-9359-3557B8A8A7F6}"
EndProject
Project("{9A19103F-16F7-4668-BE54-9A1E7A4F7556}") = "CodeCakeBuilder", "CodeCakeBuilder\CodeCakeBuilder.csproj", "{FD4817B6-3CD7-4E74-AA10-7CA95FDFCF2D}"
EndProject
Project("{9A19103F-16F7-4668-BE54-9A1E7A4F7556}") = "CK.StObj.Model", "CK.StObj.Model\CK.StObj.Model.csproj", "{D5F0D049-EF52-48A3-B8B1-DB9A0B641327}"
EndProject
Project("{9A19103F-16F7-4668-BE54-9A1E7A4F7556}") = "CK.StObj.Runtime", "CK.StObj.Runtime\CK.StObj.Runtime.csproj", "{1B487A5E-8893-4679-81DA-393EFC9DC60E}"
EndProject
Project("{9A19103F-16F7-4668-BE54-9A1E7A4F7556}") = "CK.StObj.Engine", "CK.StObj.Engine\CK.StObj.Engine.csproj", "{F4BB03DB-A496-4233-AFCD-219E845CE8BF}"
EndProject
Project("{9A19103F-16F7-4668-BE54-9A1E7A4F7556}") = "CK.Setupable.Model", "CK.Setupable.Model\CK.Setupable.Model.csproj", "{BD8232CB-B23B-4C69-9F2C-90692314A915}"
EndProject
Project("{9A19103F-16F7-4668-BE54-9A1E7A4F7556}") = "CK.Setupable.Runtime", "CK.Setupable.Runtime\CK.Setupable.Runtime.csproj", "{D9A1C87B-3B98-49E5-95F4-BC51B132B026}"
EndProject
Project("{9A19103F-16F7-4668-BE54-9A1E7A4F7556}") = "CK.SqlServer.Setup.Model", "CK.SqlServer.Setup.Model\CK.SqlServer.Setup.Model.csproj", "{8C25680A-D6B9-484C-908A-257508A80924}"
EndProject
Project("{9A19103F-16F7-4668-BE54-9A1E7A4F7556}") = "CK.SqlServer.Setup.Runtime", "CK.SqlServer.Setup.Runtime\CK.SqlServer.Setup.Runtime.csproj", "{4D3FFEEA-F748-4E46-9EBC-7D18D9848212}"
EndProject
Project("{9A19103F-16F7-4668-BE54-9A1E7A4F7556}") = "CK.Setupable.Engine", "CK.Setupable.Engine\CK.Setupable.Engine.csproj", "{12B31300-88B5-4568-A971-1FDBA65CBD02}"
EndProject
Project("{9A19103F-16F7-4668-BE54-9A1E7A4F7556}") = "CK.SqlServer.Setup.Engine", "CK.SqlServer.Setup.Engine\CK.SqlServer.Setup.Engine.csproj", "{A96F9CCB-8BBC-4724-B1EE-2FAF92588014}"
EndProject
Project("{9A19103F-16F7-4668-BE54-9A1E7A4F7556}") = "CK.StObj.Engine.Tests", "Tests\CK.StObj.Engine.Tests\CK.StObj.Engine.Tests.csproj", "{789F2105-8344-46EC-82D6-60B64C8EEBBA}"
EndProject
Project("{9A19103F-16F7-4668-BE54-9A1E7A4F7556}") = "CK.Setupable.Engine.Tests", "Tests\CK.Setupable.Engine.Tests\CK.Setupable.Engine.Tests.csproj", "{9C00DFEF-3926-4E8A-9DC7-87130C7F8E28}"
EndProject
Project("{9A19103F-16F7-4668-BE54-9A1E7A4F7556}") = "SqlActorPackage", "Tests\BasicModels\SqlActorPackage\SqlActorPackage.csproj", "{6740E01C-134A-4B70-B2BB-2E4EA7D116F4}"
EndProject
Project("{9A19103F-16F7-4668-BE54-9A1E7A4F7556}") = "SqlActorPackage.Runtime", "Tests\BasicModels\SqlActorPackage.Runtime\SqlActorPackage.Runtime.csproj", "{84611C82-6D97-4D51-B690-E818EDD54957}"
EndProject
Project("{9A19103F-16F7-4668-BE54-9A1E7A4F7556}") = "SqlZonePackage", "Tests\BasicModels\SqlZonePackage\SqlZonePackage.csproj", "{6E375E33-0333-418C-A425-DF65D310278C}"
EndProject
Project("{9A19103F-16F7-4668-BE54-9A1E7A4F7556}") = "SqlZonePackage.Runtime", "Tests\BasicModels\SqlZonePackage.Runtime\SqlZonePackage.Runtime.csproj", "{16336B59-7D68-4742-B5F7-2A4EB392C3BD}"
EndProject
Project("{9A19103F-16F7-4668-BE54-9A1E7A4F7556}") = "CK.SqlServer.Setup.Engine.Tests", "Tests\CK.SqlServer.Setup.Engine.Tests\CK.SqlServer.Setup.Engine.Tests.csproj", "{BF604471-BF24-4B4F-815B-578BD8CE4A87}"
EndProject
Project("{9A19103F-16F7-4668-BE54-9A1E7A4F7556}") = "SqlActorPackage.Tests", "Tests\SqlActorPackage.Tests\SqlActorPackage.Tests.csproj", "{65667F9D-0251-4FEF-AB5D-44E3AB26AEA6}"
EndProject
Project("{9A19103F-16F7-4668-BE54-9A1E7A4F7556}") = "SqlZonePackage.Tests", "Tests\SqlZonePackage.Tests\SqlZonePackage.Tests.csproj", "{199840A1-C8C2-4FC6-B870-1F65B8BD16F6}"
EndProject
Project("{9A19103F-16F7-4668-BE54-9A1E7A4F7556}") = "SqlCallDemo", "Tests\SqlCallDemo\SqlCallDemo\SqlCallDemo.csproj", "{5D11B3DD-E4A7-410C-BA71-3B24E18B53A4}"
EndProject
Project("{9A19103F-16F7-4668-BE54-9A1E7A4F7556}") = "CK.DB.Tests.NUnit", "CK.DB.Tests.NUnit\CK.DB.Tests.NUnit.csproj", "{746561D3-227F-426C-9E0D-91A7A73170EF}"
EndProject
Project("{9A19103F-16F7-4668-BE54-9A1E7A4F7556}") = "SqlCallDemo.Tests", "Tests\SqlCallDemo\SqlCallDemo.Tests\SqlCallDemo.Tests.csproj", "{2A00037B-4310-423D-BF21-7BE7CA23EAAB}"
EndProject
Project("{9A19103F-16F7-4668-BE54-9A1E7A4F7556}") = "CKLevel0", "Tests\SqlTransform\Model\CKLevel0\CKLevel0.csproj", "{8E280315-D75C-4BB2-AB1D-9D4C8B645116}"
EndProject
Project("{9A19103F-16F7-4668-BE54-9A1E7A4F7556}") = "CKLevel2", "Tests\SqlTransform\Model\CKLevel2\CKLevel2.csproj", "{527CE148-9DE3-4967-AAEB-F17F7133ED13}"
EndProject
Project("{9A19103F-16F7-4668-BE54-9A1E7A4F7556}") = "SqlTransform.Tests", "Tests\SqlTransform\SqlTransform.Tests\SqlTransform.Tests.csproj", "{3D213367-C497-497F-9F08-C73CCE4E87AB}"
EndProject
Project("{9A19103F-16F7-4668-BE54-9A1E7A4F7556}") = "CK.Setupable.Engine.NetCore.Tests", "Tests\CK.Setupable.Engine.NetCore.Tests\CK.Setupable.Engine.NetCore.Tests.csproj", "{7C18FC40-E981-4E58-9BD1-012875B7A8FA}"
EndProject
Project("{9A19103F-16F7-4668-BE54-9A1E7A4F7556}") = "CK.StObj.Engine.NetCore.Tests", "Tests\CK.StObj.Engine.NetCore.Tests\CK.StObj.Engine.NetCore.Tests.csproj", "{48C4DF13-76BC-4714-A58B-A9427FD439E9}"
EndProject
Project("{9A19103F-16F7-4668-BE54-9A1E7A4F7556}") = "SqlTransform.NetCore.Tests", "Tests\SqlTransform\SqlTransform.NetCore.Tests\SqlTransform.NetCore.Tests.csproj", "{6547E8D0-6BF9-4FB4-AC78-D1BC54A816FE}"
EndProject
Project("{9A19103F-16F7-4668-BE54-9A1E7A4F7556}") = "SqlCallDemo.NetCore.Tests", "Tests\SqlCallDemo\SqlCallDemo.NetCore.Tests\SqlCallDemo.NetCore.Tests.csproj", "{7B7BF017-1943-47AE-AE8A-BEF9983C88F3}"
EndProject
Project("{9A19103F-16F7-4668-BE54-9A1E7A4F7556}") = "CK.Testing.StObjMap", "CK.Testing.StObjMap\CK.Testing.StObjMap.csproj", "{0C0FDC63-80B5-4979-A726-4B7854C9AF01}"
EndProject
Project("{9A19103F-16F7-4668-BE54-9A1E7A4F7556}") = "CK.Testing.DBSetup", "CK.Testing.DBSetup\CK.Testing.DBSetup.csproj", "{BBF1F43E-8432-4E48-84EA-1B6ABA89E371}"
EndProject
Project("{9A19103F-16F7-4668-BE54-9A1E7A4F7556}") = "LocalTestHelper", "Tests\LocalTestHelper\LocalTestHelper.csproj", "{0FF79953-075C-40FB-9A19-EA30F0573DCA}"
EndProject
Project("{9A19103F-16F7-4668-BE54-9A1E7A4F7556}") = "CK.StObj.DependencyInjection", "CK.StObj.DependencyInjection\CK.StObj.DependencyInjection.csproj", "{D253B3F2-6CB2-41F9-A49A-E61A7CA7124B}"
EndProject
Project("{9A19103F-16F7-4668-BE54-9A1E7A4F7556}") = "CK.Testing.StObjSetup", "CK.Testing.StObjSetup\CK.Testing.StObjSetup.csproj", "{96E6682B-03C7-411A-9B5C-42FD2CDEAD3A}"
EndProject
Project("{9A19103F-16F7-4668-BE54-9A1E7A4F7556}") = "CK.Testing.SetupableSetup", "CK.Testing.SetupableSetup\CK.Testing.SetupableSetup.csproj", "{D837F80F-4C8B-47EC-9F0E-105B820EE16C}"
EndProject
Project("{9A19103F-16F7-4668-BE54-9A1E7A4F7556}") = "CK.DB.DependencyInjection", "CK.DB.DependencyInjection\CK.DB.DependencyInjection.csproj", "{42EA114F-32E9-44B5-A91C-B52D290FCBC0}"
EndProject
Global
	GlobalSection(SolutionConfigurationPlatforms) = preSolution
		Debug|Any CPU = Debug|Any CPU
		Debug|Mixed Platforms = Debug|Mixed Platforms
		Debug|x86 = Debug|x86
		Release|Any CPU = Release|Any CPU
		Release|Mixed Platforms = Release|Mixed Platforms
		Release|x86 = Release|x86
	EndGlobalSection
	GlobalSection(ProjectConfigurationPlatforms) = postSolution
		{FD4817B6-3CD7-4E74-AA10-7CA95FDFCF2D}.Debug|Any CPU.ActiveCfg = Debug|Any CPU
		{FD4817B6-3CD7-4E74-AA10-7CA95FDFCF2D}.Debug|Any CPU.Build.0 = Debug|Any CPU
		{FD4817B6-3CD7-4E74-AA10-7CA95FDFCF2D}.Debug|Mixed Platforms.ActiveCfg = Debug|Any CPU
		{FD4817B6-3CD7-4E74-AA10-7CA95FDFCF2D}.Debug|Mixed Platforms.Build.0 = Debug|Any CPU
		{FD4817B6-3CD7-4E74-AA10-7CA95FDFCF2D}.Debug|x86.ActiveCfg = Debug|Any CPU
		{FD4817B6-3CD7-4E74-AA10-7CA95FDFCF2D}.Debug|x86.Build.0 = Debug|Any CPU
		{FD4817B6-3CD7-4E74-AA10-7CA95FDFCF2D}.Release|Any CPU.ActiveCfg = Release|Any CPU
		{FD4817B6-3CD7-4E74-AA10-7CA95FDFCF2D}.Release|Any CPU.Build.0 = Release|Any CPU
		{FD4817B6-3CD7-4E74-AA10-7CA95FDFCF2D}.Release|Mixed Platforms.ActiveCfg = Release|Any CPU
		{FD4817B6-3CD7-4E74-AA10-7CA95FDFCF2D}.Release|Mixed Platforms.Build.0 = Release|Any CPU
		{FD4817B6-3CD7-4E74-AA10-7CA95FDFCF2D}.Release|x86.ActiveCfg = Release|Any CPU
		{FD4817B6-3CD7-4E74-AA10-7CA95FDFCF2D}.Release|x86.Build.0 = Release|Any CPU
		{D5F0D049-EF52-48A3-B8B1-DB9A0B641327}.Debug|Any CPU.ActiveCfg = Debug|Any CPU
		{D5F0D049-EF52-48A3-B8B1-DB9A0B641327}.Debug|Any CPU.Build.0 = Debug|Any CPU
		{D5F0D049-EF52-48A3-B8B1-DB9A0B641327}.Debug|Mixed Platforms.ActiveCfg = Debug|Any CPU
		{D5F0D049-EF52-48A3-B8B1-DB9A0B641327}.Debug|Mixed Platforms.Build.0 = Debug|Any CPU
		{D5F0D049-EF52-48A3-B8B1-DB9A0B641327}.Debug|x86.ActiveCfg = Debug|Any CPU
		{D5F0D049-EF52-48A3-B8B1-DB9A0B641327}.Debug|x86.Build.0 = Debug|Any CPU
		{D5F0D049-EF52-48A3-B8B1-DB9A0B641327}.Release|Any CPU.ActiveCfg = Release|Any CPU
		{D5F0D049-EF52-48A3-B8B1-DB9A0B641327}.Release|Any CPU.Build.0 = Release|Any CPU
		{D5F0D049-EF52-48A3-B8B1-DB9A0B641327}.Release|Mixed Platforms.ActiveCfg = Release|Any CPU
		{D5F0D049-EF52-48A3-B8B1-DB9A0B641327}.Release|Mixed Platforms.Build.0 = Release|Any CPU
		{D5F0D049-EF52-48A3-B8B1-DB9A0B641327}.Release|x86.ActiveCfg = Release|Any CPU
		{D5F0D049-EF52-48A3-B8B1-DB9A0B641327}.Release|x86.Build.0 = Release|Any CPU
		{1B487A5E-8893-4679-81DA-393EFC9DC60E}.Debug|Any CPU.ActiveCfg = Debug|Any CPU
		{1B487A5E-8893-4679-81DA-393EFC9DC60E}.Debug|Any CPU.Build.0 = Debug|Any CPU
		{1B487A5E-8893-4679-81DA-393EFC9DC60E}.Debug|Mixed Platforms.ActiveCfg = Debug|Any CPU
		{1B487A5E-8893-4679-81DA-393EFC9DC60E}.Debug|Mixed Platforms.Build.0 = Debug|Any CPU
		{1B487A5E-8893-4679-81DA-393EFC9DC60E}.Debug|x86.ActiveCfg = Debug|Any CPU
		{1B487A5E-8893-4679-81DA-393EFC9DC60E}.Debug|x86.Build.0 = Debug|Any CPU
		{1B487A5E-8893-4679-81DA-393EFC9DC60E}.Release|Any CPU.ActiveCfg = Release|Any CPU
		{1B487A5E-8893-4679-81DA-393EFC9DC60E}.Release|Any CPU.Build.0 = Release|Any CPU
		{1B487A5E-8893-4679-81DA-393EFC9DC60E}.Release|Mixed Platforms.ActiveCfg = Release|Any CPU
		{1B487A5E-8893-4679-81DA-393EFC9DC60E}.Release|Mixed Platforms.Build.0 = Release|Any CPU
		{1B487A5E-8893-4679-81DA-393EFC9DC60E}.Release|x86.ActiveCfg = Release|Any CPU
		{1B487A5E-8893-4679-81DA-393EFC9DC60E}.Release|x86.Build.0 = Release|Any CPU
		{F4BB03DB-A496-4233-AFCD-219E845CE8BF}.Debug|Any CPU.ActiveCfg = Debug|Any CPU
		{F4BB03DB-A496-4233-AFCD-219E845CE8BF}.Debug|Any CPU.Build.0 = Debug|Any CPU
		{F4BB03DB-A496-4233-AFCD-219E845CE8BF}.Debug|Mixed Platforms.ActiveCfg = Debug|Any CPU
		{F4BB03DB-A496-4233-AFCD-219E845CE8BF}.Debug|Mixed Platforms.Build.0 = Debug|Any CPU
		{F4BB03DB-A496-4233-AFCD-219E845CE8BF}.Debug|x86.ActiveCfg = Debug|Any CPU
		{F4BB03DB-A496-4233-AFCD-219E845CE8BF}.Debug|x86.Build.0 = Debug|Any CPU
		{F4BB03DB-A496-4233-AFCD-219E845CE8BF}.Release|Any CPU.ActiveCfg = Release|Any CPU
		{F4BB03DB-A496-4233-AFCD-219E845CE8BF}.Release|Any CPU.Build.0 = Release|Any CPU
		{F4BB03DB-A496-4233-AFCD-219E845CE8BF}.Release|Mixed Platforms.ActiveCfg = Release|Any CPU
		{F4BB03DB-A496-4233-AFCD-219E845CE8BF}.Release|Mixed Platforms.Build.0 = Release|Any CPU
		{F4BB03DB-A496-4233-AFCD-219E845CE8BF}.Release|x86.ActiveCfg = Release|Any CPU
		{F4BB03DB-A496-4233-AFCD-219E845CE8BF}.Release|x86.Build.0 = Release|Any CPU
		{BD8232CB-B23B-4C69-9F2C-90692314A915}.Debug|Any CPU.ActiveCfg = Debug|Any CPU
		{BD8232CB-B23B-4C69-9F2C-90692314A915}.Debug|Any CPU.Build.0 = Debug|Any CPU
		{BD8232CB-B23B-4C69-9F2C-90692314A915}.Debug|Mixed Platforms.ActiveCfg = Debug|Any CPU
		{BD8232CB-B23B-4C69-9F2C-90692314A915}.Debug|Mixed Platforms.Build.0 = Debug|Any CPU
		{BD8232CB-B23B-4C69-9F2C-90692314A915}.Debug|x86.ActiveCfg = Debug|Any CPU
		{BD8232CB-B23B-4C69-9F2C-90692314A915}.Debug|x86.Build.0 = Debug|Any CPU
		{BD8232CB-B23B-4C69-9F2C-90692314A915}.Release|Any CPU.ActiveCfg = Release|Any CPU
		{BD8232CB-B23B-4C69-9F2C-90692314A915}.Release|Any CPU.Build.0 = Release|Any CPU
		{BD8232CB-B23B-4C69-9F2C-90692314A915}.Release|Mixed Platforms.ActiveCfg = Release|Any CPU
		{BD8232CB-B23B-4C69-9F2C-90692314A915}.Release|Mixed Platforms.Build.0 = Release|Any CPU
		{BD8232CB-B23B-4C69-9F2C-90692314A915}.Release|x86.ActiveCfg = Release|Any CPU
		{BD8232CB-B23B-4C69-9F2C-90692314A915}.Release|x86.Build.0 = Release|Any CPU
		{D9A1C87B-3B98-49E5-95F4-BC51B132B026}.Debug|Any CPU.ActiveCfg = Debug|Any CPU
		{D9A1C87B-3B98-49E5-95F4-BC51B132B026}.Debug|Any CPU.Build.0 = Debug|Any CPU
		{D9A1C87B-3B98-49E5-95F4-BC51B132B026}.Debug|Mixed Platforms.ActiveCfg = Debug|Any CPU
		{D9A1C87B-3B98-49E5-95F4-BC51B132B026}.Debug|Mixed Platforms.Build.0 = Debug|Any CPU
		{D9A1C87B-3B98-49E5-95F4-BC51B132B026}.Debug|x86.ActiveCfg = Debug|Any CPU
		{D9A1C87B-3B98-49E5-95F4-BC51B132B026}.Debug|x86.Build.0 = Debug|Any CPU
		{D9A1C87B-3B98-49E5-95F4-BC51B132B026}.Release|Any CPU.ActiveCfg = Release|Any CPU
		{D9A1C87B-3B98-49E5-95F4-BC51B132B026}.Release|Any CPU.Build.0 = Release|Any CPU
		{D9A1C87B-3B98-49E5-95F4-BC51B132B026}.Release|Mixed Platforms.ActiveCfg = Release|Any CPU
		{D9A1C87B-3B98-49E5-95F4-BC51B132B026}.Release|Mixed Platforms.Build.0 = Release|Any CPU
		{D9A1C87B-3B98-49E5-95F4-BC51B132B026}.Release|x86.ActiveCfg = Release|Any CPU
		{D9A1C87B-3B98-49E5-95F4-BC51B132B026}.Release|x86.Build.0 = Release|Any CPU
		{8C25680A-D6B9-484C-908A-257508A80924}.Debug|Any CPU.ActiveCfg = Debug|Any CPU
		{8C25680A-D6B9-484C-908A-257508A80924}.Debug|Any CPU.Build.0 = Debug|Any CPU
		{8C25680A-D6B9-484C-908A-257508A80924}.Debug|Mixed Platforms.ActiveCfg = Debug|Any CPU
		{8C25680A-D6B9-484C-908A-257508A80924}.Debug|Mixed Platforms.Build.0 = Debug|Any CPU
		{8C25680A-D6B9-484C-908A-257508A80924}.Debug|x86.ActiveCfg = Debug|Any CPU
		{8C25680A-D6B9-484C-908A-257508A80924}.Debug|x86.Build.0 = Debug|Any CPU
		{8C25680A-D6B9-484C-908A-257508A80924}.Release|Any CPU.ActiveCfg = Release|Any CPU
		{8C25680A-D6B9-484C-908A-257508A80924}.Release|Any CPU.Build.0 = Release|Any CPU
		{8C25680A-D6B9-484C-908A-257508A80924}.Release|Mixed Platforms.ActiveCfg = Release|Any CPU
		{8C25680A-D6B9-484C-908A-257508A80924}.Release|Mixed Platforms.Build.0 = Release|Any CPU
		{8C25680A-D6B9-484C-908A-257508A80924}.Release|x86.ActiveCfg = Release|Any CPU
		{8C25680A-D6B9-484C-908A-257508A80924}.Release|x86.Build.0 = Release|Any CPU
		{4D3FFEEA-F748-4E46-9EBC-7D18D9848212}.Debug|Any CPU.ActiveCfg = Debug|Any CPU
		{4D3FFEEA-F748-4E46-9EBC-7D18D9848212}.Debug|Any CPU.Build.0 = Debug|Any CPU
		{4D3FFEEA-F748-4E46-9EBC-7D18D9848212}.Debug|Mixed Platforms.ActiveCfg = Debug|Any CPU
		{4D3FFEEA-F748-4E46-9EBC-7D18D9848212}.Debug|Mixed Platforms.Build.0 = Debug|Any CPU
		{4D3FFEEA-F748-4E46-9EBC-7D18D9848212}.Debug|x86.ActiveCfg = Debug|Any CPU
		{4D3FFEEA-F748-4E46-9EBC-7D18D9848212}.Debug|x86.Build.0 = Debug|Any CPU
		{4D3FFEEA-F748-4E46-9EBC-7D18D9848212}.Release|Any CPU.ActiveCfg = Release|Any CPU
		{4D3FFEEA-F748-4E46-9EBC-7D18D9848212}.Release|Any CPU.Build.0 = Release|Any CPU
		{4D3FFEEA-F748-4E46-9EBC-7D18D9848212}.Release|Mixed Platforms.ActiveCfg = Release|Any CPU
		{4D3FFEEA-F748-4E46-9EBC-7D18D9848212}.Release|Mixed Platforms.Build.0 = Release|Any CPU
		{4D3FFEEA-F748-4E46-9EBC-7D18D9848212}.Release|x86.ActiveCfg = Release|Any CPU
		{4D3FFEEA-F748-4E46-9EBC-7D18D9848212}.Release|x86.Build.0 = Release|Any CPU
		{12B31300-88B5-4568-A971-1FDBA65CBD02}.Debug|Any CPU.ActiveCfg = Debug|Any CPU
		{12B31300-88B5-4568-A971-1FDBA65CBD02}.Debug|Any CPU.Build.0 = Debug|Any CPU
		{12B31300-88B5-4568-A971-1FDBA65CBD02}.Debug|Mixed Platforms.ActiveCfg = Debug|Any CPU
		{12B31300-88B5-4568-A971-1FDBA65CBD02}.Debug|Mixed Platforms.Build.0 = Debug|Any CPU
		{12B31300-88B5-4568-A971-1FDBA65CBD02}.Debug|x86.ActiveCfg = Debug|Any CPU
		{12B31300-88B5-4568-A971-1FDBA65CBD02}.Debug|x86.Build.0 = Debug|Any CPU
		{12B31300-88B5-4568-A971-1FDBA65CBD02}.Release|Any CPU.ActiveCfg = Release|Any CPU
		{12B31300-88B5-4568-A971-1FDBA65CBD02}.Release|Any CPU.Build.0 = Release|Any CPU
		{12B31300-88B5-4568-A971-1FDBA65CBD02}.Release|Mixed Platforms.ActiveCfg = Release|Any CPU
		{12B31300-88B5-4568-A971-1FDBA65CBD02}.Release|Mixed Platforms.Build.0 = Release|Any CPU
		{12B31300-88B5-4568-A971-1FDBA65CBD02}.Release|x86.ActiveCfg = Release|Any CPU
		{12B31300-88B5-4568-A971-1FDBA65CBD02}.Release|x86.Build.0 = Release|Any CPU
		{A96F9CCB-8BBC-4724-B1EE-2FAF92588014}.Debug|Any CPU.ActiveCfg = Debug|Any CPU
		{A96F9CCB-8BBC-4724-B1EE-2FAF92588014}.Debug|Any CPU.Build.0 = Debug|Any CPU
		{A96F9CCB-8BBC-4724-B1EE-2FAF92588014}.Debug|Mixed Platforms.ActiveCfg = Debug|Any CPU
		{A96F9CCB-8BBC-4724-B1EE-2FAF92588014}.Debug|Mixed Platforms.Build.0 = Debug|Any CPU
		{A96F9CCB-8BBC-4724-B1EE-2FAF92588014}.Debug|x86.ActiveCfg = Debug|Any CPU
		{A96F9CCB-8BBC-4724-B1EE-2FAF92588014}.Debug|x86.Build.0 = Debug|Any CPU
		{A96F9CCB-8BBC-4724-B1EE-2FAF92588014}.Release|Any CPU.ActiveCfg = Release|Any CPU
		{A96F9CCB-8BBC-4724-B1EE-2FAF92588014}.Release|Any CPU.Build.0 = Release|Any CPU
		{A96F9CCB-8BBC-4724-B1EE-2FAF92588014}.Release|Mixed Platforms.ActiveCfg = Release|Any CPU
		{A96F9CCB-8BBC-4724-B1EE-2FAF92588014}.Release|Mixed Platforms.Build.0 = Release|Any CPU
		{A96F9CCB-8BBC-4724-B1EE-2FAF92588014}.Release|x86.ActiveCfg = Release|Any CPU
		{A96F9CCB-8BBC-4724-B1EE-2FAF92588014}.Release|x86.Build.0 = Release|Any CPU
		{789F2105-8344-46EC-82D6-60B64C8EEBBA}.Debug|Any CPU.ActiveCfg = Debug|Any CPU
		{789F2105-8344-46EC-82D6-60B64C8EEBBA}.Debug|Any CPU.Build.0 = Debug|Any CPU
		{789F2105-8344-46EC-82D6-60B64C8EEBBA}.Debug|Mixed Platforms.ActiveCfg = Debug|Any CPU
		{789F2105-8344-46EC-82D6-60B64C8EEBBA}.Debug|Mixed Platforms.Build.0 = Debug|Any CPU
		{789F2105-8344-46EC-82D6-60B64C8EEBBA}.Debug|x86.ActiveCfg = Debug|Any CPU
		{789F2105-8344-46EC-82D6-60B64C8EEBBA}.Debug|x86.Build.0 = Debug|Any CPU
		{789F2105-8344-46EC-82D6-60B64C8EEBBA}.Release|Any CPU.ActiveCfg = Release|Any CPU
		{789F2105-8344-46EC-82D6-60B64C8EEBBA}.Release|Any CPU.Build.0 = Release|Any CPU
		{789F2105-8344-46EC-82D6-60B64C8EEBBA}.Release|Mixed Platforms.ActiveCfg = Release|Any CPU
		{789F2105-8344-46EC-82D6-60B64C8EEBBA}.Release|Mixed Platforms.Build.0 = Release|Any CPU
		{789F2105-8344-46EC-82D6-60B64C8EEBBA}.Release|x86.ActiveCfg = Release|Any CPU
		{789F2105-8344-46EC-82D6-60B64C8EEBBA}.Release|x86.Build.0 = Release|Any CPU
		{9C00DFEF-3926-4E8A-9DC7-87130C7F8E28}.Debug|Any CPU.ActiveCfg = Debug|Any CPU
		{9C00DFEF-3926-4E8A-9DC7-87130C7F8E28}.Debug|Any CPU.Build.0 = Debug|Any CPU
		{9C00DFEF-3926-4E8A-9DC7-87130C7F8E28}.Debug|Mixed Platforms.ActiveCfg = Debug|Any CPU
		{9C00DFEF-3926-4E8A-9DC7-87130C7F8E28}.Debug|Mixed Platforms.Build.0 = Debug|Any CPU
		{9C00DFEF-3926-4E8A-9DC7-87130C7F8E28}.Debug|x86.ActiveCfg = Debug|Any CPU
		{9C00DFEF-3926-4E8A-9DC7-87130C7F8E28}.Debug|x86.Build.0 = Debug|Any CPU
		{9C00DFEF-3926-4E8A-9DC7-87130C7F8E28}.Release|Any CPU.ActiveCfg = Release|Any CPU
		{9C00DFEF-3926-4E8A-9DC7-87130C7F8E28}.Release|Any CPU.Build.0 = Release|Any CPU
		{9C00DFEF-3926-4E8A-9DC7-87130C7F8E28}.Release|Mixed Platforms.ActiveCfg = Release|Any CPU
		{9C00DFEF-3926-4E8A-9DC7-87130C7F8E28}.Release|Mixed Platforms.Build.0 = Release|Any CPU
		{9C00DFEF-3926-4E8A-9DC7-87130C7F8E28}.Release|x86.ActiveCfg = Release|Any CPU
		{9C00DFEF-3926-4E8A-9DC7-87130C7F8E28}.Release|x86.Build.0 = Release|Any CPU
		{6740E01C-134A-4B70-B2BB-2E4EA7D116F4}.Debug|Any CPU.ActiveCfg = Debug|Any CPU
		{6740E01C-134A-4B70-B2BB-2E4EA7D116F4}.Debug|Any CPU.Build.0 = Debug|Any CPU
		{6740E01C-134A-4B70-B2BB-2E4EA7D116F4}.Debug|Mixed Platforms.ActiveCfg = Debug|Any CPU
		{6740E01C-134A-4B70-B2BB-2E4EA7D116F4}.Debug|Mixed Platforms.Build.0 = Debug|Any CPU
		{6740E01C-134A-4B70-B2BB-2E4EA7D116F4}.Debug|x86.ActiveCfg = Debug|Any CPU
		{6740E01C-134A-4B70-B2BB-2E4EA7D116F4}.Debug|x86.Build.0 = Debug|Any CPU
		{6740E01C-134A-4B70-B2BB-2E4EA7D116F4}.Release|Any CPU.ActiveCfg = Release|Any CPU
		{6740E01C-134A-4B70-B2BB-2E4EA7D116F4}.Release|Any CPU.Build.0 = Release|Any CPU
		{6740E01C-134A-4B70-B2BB-2E4EA7D116F4}.Release|Mixed Platforms.ActiveCfg = Release|Any CPU
		{6740E01C-134A-4B70-B2BB-2E4EA7D116F4}.Release|Mixed Platforms.Build.0 = Release|Any CPU
		{6740E01C-134A-4B70-B2BB-2E4EA7D116F4}.Release|x86.ActiveCfg = Release|Any CPU
		{6740E01C-134A-4B70-B2BB-2E4EA7D116F4}.Release|x86.Build.0 = Release|Any CPU
		{84611C82-6D97-4D51-B690-E818EDD54957}.Debug|Any CPU.ActiveCfg = Debug|Any CPU
		{84611C82-6D97-4D51-B690-E818EDD54957}.Debug|Any CPU.Build.0 = Debug|Any CPU
		{84611C82-6D97-4D51-B690-E818EDD54957}.Debug|Mixed Platforms.ActiveCfg = Debug|Any CPU
		{84611C82-6D97-4D51-B690-E818EDD54957}.Debug|Mixed Platforms.Build.0 = Debug|Any CPU
		{84611C82-6D97-4D51-B690-E818EDD54957}.Debug|x86.ActiveCfg = Debug|Any CPU
		{84611C82-6D97-4D51-B690-E818EDD54957}.Debug|x86.Build.0 = Debug|Any CPU
		{84611C82-6D97-4D51-B690-E818EDD54957}.Release|Any CPU.ActiveCfg = Release|Any CPU
		{84611C82-6D97-4D51-B690-E818EDD54957}.Release|Any CPU.Build.0 = Release|Any CPU
		{84611C82-6D97-4D51-B690-E818EDD54957}.Release|Mixed Platforms.ActiveCfg = Release|Any CPU
		{84611C82-6D97-4D51-B690-E818EDD54957}.Release|Mixed Platforms.Build.0 = Release|Any CPU
		{84611C82-6D97-4D51-B690-E818EDD54957}.Release|x86.ActiveCfg = Release|Any CPU
		{84611C82-6D97-4D51-B690-E818EDD54957}.Release|x86.Build.0 = Release|Any CPU
		{6E375E33-0333-418C-A425-DF65D310278C}.Debug|Any CPU.ActiveCfg = Debug|Any CPU
		{6E375E33-0333-418C-A425-DF65D310278C}.Debug|Any CPU.Build.0 = Debug|Any CPU
		{6E375E33-0333-418C-A425-DF65D310278C}.Debug|Mixed Platforms.ActiveCfg = Debug|Any CPU
		{6E375E33-0333-418C-A425-DF65D310278C}.Debug|Mixed Platforms.Build.0 = Debug|Any CPU
		{6E375E33-0333-418C-A425-DF65D310278C}.Debug|x86.ActiveCfg = Debug|Any CPU
		{6E375E33-0333-418C-A425-DF65D310278C}.Debug|x86.Build.0 = Debug|Any CPU
		{6E375E33-0333-418C-A425-DF65D310278C}.Release|Any CPU.ActiveCfg = Release|Any CPU
		{6E375E33-0333-418C-A425-DF65D310278C}.Release|Any CPU.Build.0 = Release|Any CPU
		{6E375E33-0333-418C-A425-DF65D310278C}.Release|Mixed Platforms.ActiveCfg = Release|Any CPU
		{6E375E33-0333-418C-A425-DF65D310278C}.Release|Mixed Platforms.Build.0 = Release|Any CPU
		{6E375E33-0333-418C-A425-DF65D310278C}.Release|x86.ActiveCfg = Release|Any CPU
		{6E375E33-0333-418C-A425-DF65D310278C}.Release|x86.Build.0 = Release|Any CPU
		{16336B59-7D68-4742-B5F7-2A4EB392C3BD}.Debug|Any CPU.ActiveCfg = Debug|Any CPU
		{16336B59-7D68-4742-B5F7-2A4EB392C3BD}.Debug|Any CPU.Build.0 = Debug|Any CPU
		{16336B59-7D68-4742-B5F7-2A4EB392C3BD}.Debug|Mixed Platforms.ActiveCfg = Debug|Any CPU
		{16336B59-7D68-4742-B5F7-2A4EB392C3BD}.Debug|Mixed Platforms.Build.0 = Debug|Any CPU
		{16336B59-7D68-4742-B5F7-2A4EB392C3BD}.Debug|x86.ActiveCfg = Debug|Any CPU
		{16336B59-7D68-4742-B5F7-2A4EB392C3BD}.Debug|x86.Build.0 = Debug|Any CPU
		{16336B59-7D68-4742-B5F7-2A4EB392C3BD}.Release|Any CPU.ActiveCfg = Release|Any CPU
		{16336B59-7D68-4742-B5F7-2A4EB392C3BD}.Release|Any CPU.Build.0 = Release|Any CPU
		{16336B59-7D68-4742-B5F7-2A4EB392C3BD}.Release|Mixed Platforms.ActiveCfg = Release|Any CPU
		{16336B59-7D68-4742-B5F7-2A4EB392C3BD}.Release|Mixed Platforms.Build.0 = Release|Any CPU
		{16336B59-7D68-4742-B5F7-2A4EB392C3BD}.Release|x86.ActiveCfg = Release|Any CPU
		{16336B59-7D68-4742-B5F7-2A4EB392C3BD}.Release|x86.Build.0 = Release|Any CPU
		{BF604471-BF24-4B4F-815B-578BD8CE4A87}.Debug|Any CPU.ActiveCfg = Debug|Any CPU
		{BF604471-BF24-4B4F-815B-578BD8CE4A87}.Debug|Any CPU.Build.0 = Debug|Any CPU
		{BF604471-BF24-4B4F-815B-578BD8CE4A87}.Debug|Mixed Platforms.ActiveCfg = Debug|Any CPU
		{BF604471-BF24-4B4F-815B-578BD8CE4A87}.Debug|Mixed Platforms.Build.0 = Debug|Any CPU
		{BF604471-BF24-4B4F-815B-578BD8CE4A87}.Debug|x86.ActiveCfg = Debug|Any CPU
		{BF604471-BF24-4B4F-815B-578BD8CE4A87}.Debug|x86.Build.0 = Debug|Any CPU
		{BF604471-BF24-4B4F-815B-578BD8CE4A87}.Release|Any CPU.ActiveCfg = Release|Any CPU
		{BF604471-BF24-4B4F-815B-578BD8CE4A87}.Release|Any CPU.Build.0 = Release|Any CPU
		{BF604471-BF24-4B4F-815B-578BD8CE4A87}.Release|Mixed Platforms.ActiveCfg = Release|Any CPU
		{BF604471-BF24-4B4F-815B-578BD8CE4A87}.Release|Mixed Platforms.Build.0 = Release|Any CPU
		{BF604471-BF24-4B4F-815B-578BD8CE4A87}.Release|x86.ActiveCfg = Release|Any CPU
		{BF604471-BF24-4B4F-815B-578BD8CE4A87}.Release|x86.Build.0 = Release|Any CPU
		{65667F9D-0251-4FEF-AB5D-44E3AB26AEA6}.Debug|Any CPU.ActiveCfg = Debug|Any CPU
		{65667F9D-0251-4FEF-AB5D-44E3AB26AEA6}.Debug|Any CPU.Build.0 = Debug|Any CPU
		{65667F9D-0251-4FEF-AB5D-44E3AB26AEA6}.Debug|Mixed Platforms.ActiveCfg = Debug|Any CPU
		{65667F9D-0251-4FEF-AB5D-44E3AB26AEA6}.Debug|Mixed Platforms.Build.0 = Debug|Any CPU
		{65667F9D-0251-4FEF-AB5D-44E3AB26AEA6}.Debug|x86.ActiveCfg = Debug|Any CPU
		{65667F9D-0251-4FEF-AB5D-44E3AB26AEA6}.Debug|x86.Build.0 = Debug|Any CPU
		{65667F9D-0251-4FEF-AB5D-44E3AB26AEA6}.Release|Any CPU.ActiveCfg = Release|Any CPU
		{65667F9D-0251-4FEF-AB5D-44E3AB26AEA6}.Release|Any CPU.Build.0 = Release|Any CPU
		{65667F9D-0251-4FEF-AB5D-44E3AB26AEA6}.Release|Mixed Platforms.ActiveCfg = Release|Any CPU
		{65667F9D-0251-4FEF-AB5D-44E3AB26AEA6}.Release|Mixed Platforms.Build.0 = Release|Any CPU
		{65667F9D-0251-4FEF-AB5D-44E3AB26AEA6}.Release|x86.ActiveCfg = Release|Any CPU
		{65667F9D-0251-4FEF-AB5D-44E3AB26AEA6}.Release|x86.Build.0 = Release|Any CPU
		{199840A1-C8C2-4FC6-B870-1F65B8BD16F6}.Debug|Any CPU.ActiveCfg = Debug|Any CPU
		{199840A1-C8C2-4FC6-B870-1F65B8BD16F6}.Debug|Any CPU.Build.0 = Debug|Any CPU
		{199840A1-C8C2-4FC6-B870-1F65B8BD16F6}.Debug|Mixed Platforms.ActiveCfg = Debug|Any CPU
		{199840A1-C8C2-4FC6-B870-1F65B8BD16F6}.Debug|Mixed Platforms.Build.0 = Debug|Any CPU
		{199840A1-C8C2-4FC6-B870-1F65B8BD16F6}.Debug|x86.ActiveCfg = Debug|Any CPU
		{199840A1-C8C2-4FC6-B870-1F65B8BD16F6}.Debug|x86.Build.0 = Debug|Any CPU
		{199840A1-C8C2-4FC6-B870-1F65B8BD16F6}.Release|Any CPU.ActiveCfg = Release|Any CPU
		{199840A1-C8C2-4FC6-B870-1F65B8BD16F6}.Release|Any CPU.Build.0 = Release|Any CPU
		{199840A1-C8C2-4FC6-B870-1F65B8BD16F6}.Release|Mixed Platforms.ActiveCfg = Release|Any CPU
		{199840A1-C8C2-4FC6-B870-1F65B8BD16F6}.Release|Mixed Platforms.Build.0 = Release|Any CPU
		{199840A1-C8C2-4FC6-B870-1F65B8BD16F6}.Release|x86.ActiveCfg = Release|Any CPU
		{199840A1-C8C2-4FC6-B870-1F65B8BD16F6}.Release|x86.Build.0 = Release|Any CPU
		{5D11B3DD-E4A7-410C-BA71-3B24E18B53A4}.Debug|Any CPU.ActiveCfg = Debug|Any CPU
		{5D11B3DD-E4A7-410C-BA71-3B24E18B53A4}.Debug|Any CPU.Build.0 = Debug|Any CPU
		{5D11B3DD-E4A7-410C-BA71-3B24E18B53A4}.Debug|Mixed Platforms.ActiveCfg = Debug|Any CPU
		{5D11B3DD-E4A7-410C-BA71-3B24E18B53A4}.Debug|Mixed Platforms.Build.0 = Debug|Any CPU
		{5D11B3DD-E4A7-410C-BA71-3B24E18B53A4}.Debug|x86.ActiveCfg = Debug|Any CPU
		{5D11B3DD-E4A7-410C-BA71-3B24E18B53A4}.Debug|x86.Build.0 = Debug|Any CPU
		{5D11B3DD-E4A7-410C-BA71-3B24E18B53A4}.Release|Any CPU.ActiveCfg = Release|Any CPU
		{5D11B3DD-E4A7-410C-BA71-3B24E18B53A4}.Release|Any CPU.Build.0 = Release|Any CPU
		{5D11B3DD-E4A7-410C-BA71-3B24E18B53A4}.Release|Mixed Platforms.ActiveCfg = Release|Any CPU
		{5D11B3DD-E4A7-410C-BA71-3B24E18B53A4}.Release|Mixed Platforms.Build.0 = Release|Any CPU
		{5D11B3DD-E4A7-410C-BA71-3B24E18B53A4}.Release|x86.ActiveCfg = Release|Any CPU
		{5D11B3DD-E4A7-410C-BA71-3B24E18B53A4}.Release|x86.Build.0 = Release|Any CPU
		{746561D3-227F-426C-9E0D-91A7A73170EF}.Debug|Any CPU.ActiveCfg = Debug|Any CPU
		{746561D3-227F-426C-9E0D-91A7A73170EF}.Debug|Any CPU.Build.0 = Debug|Any CPU
		{746561D3-227F-426C-9E0D-91A7A73170EF}.Debug|Mixed Platforms.ActiveCfg = Debug|Any CPU
		{746561D3-227F-426C-9E0D-91A7A73170EF}.Debug|Mixed Platforms.Build.0 = Debug|Any CPU
		{746561D3-227F-426C-9E0D-91A7A73170EF}.Debug|x86.ActiveCfg = Debug|Any CPU
		{746561D3-227F-426C-9E0D-91A7A73170EF}.Debug|x86.Build.0 = Debug|Any CPU
		{746561D3-227F-426C-9E0D-91A7A73170EF}.Release|Any CPU.ActiveCfg = Release|Any CPU
		{746561D3-227F-426C-9E0D-91A7A73170EF}.Release|Any CPU.Build.0 = Release|Any CPU
		{746561D3-227F-426C-9E0D-91A7A73170EF}.Release|Mixed Platforms.ActiveCfg = Release|Any CPU
		{746561D3-227F-426C-9E0D-91A7A73170EF}.Release|Mixed Platforms.Build.0 = Release|Any CPU
		{746561D3-227F-426C-9E0D-91A7A73170EF}.Release|x86.ActiveCfg = Release|Any CPU
		{746561D3-227F-426C-9E0D-91A7A73170EF}.Release|x86.Build.0 = Release|Any CPU
		{2A00037B-4310-423D-BF21-7BE7CA23EAAB}.Debug|Any CPU.ActiveCfg = Debug|Any CPU
		{2A00037B-4310-423D-BF21-7BE7CA23EAAB}.Debug|Any CPU.Build.0 = Debug|Any CPU
		{2A00037B-4310-423D-BF21-7BE7CA23EAAB}.Debug|Mixed Platforms.ActiveCfg = Debug|Any CPU
		{2A00037B-4310-423D-BF21-7BE7CA23EAAB}.Debug|Mixed Platforms.Build.0 = Debug|Any CPU
		{2A00037B-4310-423D-BF21-7BE7CA23EAAB}.Debug|x86.ActiveCfg = Debug|Any CPU
		{2A00037B-4310-423D-BF21-7BE7CA23EAAB}.Debug|x86.Build.0 = Debug|Any CPU
		{2A00037B-4310-423D-BF21-7BE7CA23EAAB}.Release|Any CPU.ActiveCfg = Release|Any CPU
		{2A00037B-4310-423D-BF21-7BE7CA23EAAB}.Release|Any CPU.Build.0 = Release|Any CPU
		{2A00037B-4310-423D-BF21-7BE7CA23EAAB}.Release|Mixed Platforms.ActiveCfg = Release|Any CPU
		{2A00037B-4310-423D-BF21-7BE7CA23EAAB}.Release|Mixed Platforms.Build.0 = Release|Any CPU
		{2A00037B-4310-423D-BF21-7BE7CA23EAAB}.Release|x86.ActiveCfg = Release|Any CPU
		{2A00037B-4310-423D-BF21-7BE7CA23EAAB}.Release|x86.Build.0 = Release|Any CPU
		{8E280315-D75C-4BB2-AB1D-9D4C8B645116}.Debug|Any CPU.ActiveCfg = Debug|Any CPU
		{8E280315-D75C-4BB2-AB1D-9D4C8B645116}.Debug|Any CPU.Build.0 = Debug|Any CPU
		{8E280315-D75C-4BB2-AB1D-9D4C8B645116}.Debug|Mixed Platforms.ActiveCfg = Debug|Any CPU
		{8E280315-D75C-4BB2-AB1D-9D4C8B645116}.Debug|Mixed Platforms.Build.0 = Debug|Any CPU
		{8E280315-D75C-4BB2-AB1D-9D4C8B645116}.Debug|x86.ActiveCfg = Debug|Any CPU
		{8E280315-D75C-4BB2-AB1D-9D4C8B645116}.Debug|x86.Build.0 = Debug|Any CPU
		{8E280315-D75C-4BB2-AB1D-9D4C8B645116}.Release|Any CPU.ActiveCfg = Release|Any CPU
		{8E280315-D75C-4BB2-AB1D-9D4C8B645116}.Release|Any CPU.Build.0 = Release|Any CPU
		{8E280315-D75C-4BB2-AB1D-9D4C8B645116}.Release|Mixed Platforms.ActiveCfg = Release|Any CPU
		{8E280315-D75C-4BB2-AB1D-9D4C8B645116}.Release|Mixed Platforms.Build.0 = Release|Any CPU
		{8E280315-D75C-4BB2-AB1D-9D4C8B645116}.Release|x86.ActiveCfg = Release|Any CPU
		{8E280315-D75C-4BB2-AB1D-9D4C8B645116}.Release|x86.Build.0 = Release|Any CPU
		{527CE148-9DE3-4967-AAEB-F17F7133ED13}.Debug|Any CPU.ActiveCfg = Debug|Any CPU
		{527CE148-9DE3-4967-AAEB-F17F7133ED13}.Debug|Any CPU.Build.0 = Debug|Any CPU
		{527CE148-9DE3-4967-AAEB-F17F7133ED13}.Debug|Mixed Platforms.ActiveCfg = Debug|Any CPU
		{527CE148-9DE3-4967-AAEB-F17F7133ED13}.Debug|Mixed Platforms.Build.0 = Debug|Any CPU
		{527CE148-9DE3-4967-AAEB-F17F7133ED13}.Debug|x86.ActiveCfg = Debug|Any CPU
		{527CE148-9DE3-4967-AAEB-F17F7133ED13}.Debug|x86.Build.0 = Debug|Any CPU
		{527CE148-9DE3-4967-AAEB-F17F7133ED13}.Release|Any CPU.ActiveCfg = Release|Any CPU
		{527CE148-9DE3-4967-AAEB-F17F7133ED13}.Release|Any CPU.Build.0 = Release|Any CPU
		{527CE148-9DE3-4967-AAEB-F17F7133ED13}.Release|Mixed Platforms.ActiveCfg = Release|Any CPU
		{527CE148-9DE3-4967-AAEB-F17F7133ED13}.Release|Mixed Platforms.Build.0 = Release|Any CPU
		{527CE148-9DE3-4967-AAEB-F17F7133ED13}.Release|x86.ActiveCfg = Release|Any CPU
		{527CE148-9DE3-4967-AAEB-F17F7133ED13}.Release|x86.Build.0 = Release|Any CPU
		{3D213367-C497-497F-9F08-C73CCE4E87AB}.Debug|Any CPU.ActiveCfg = Debug|Any CPU
		{3D213367-C497-497F-9F08-C73CCE4E87AB}.Debug|Any CPU.Build.0 = Debug|Any CPU
		{3D213367-C497-497F-9F08-C73CCE4E87AB}.Debug|Mixed Platforms.ActiveCfg = Debug|Any CPU
		{3D213367-C497-497F-9F08-C73CCE4E87AB}.Debug|Mixed Platforms.Build.0 = Debug|Any CPU
		{3D213367-C497-497F-9F08-C73CCE4E87AB}.Debug|x86.ActiveCfg = Debug|Any CPU
		{3D213367-C497-497F-9F08-C73CCE4E87AB}.Debug|x86.Build.0 = Debug|Any CPU
		{3D213367-C497-497F-9F08-C73CCE4E87AB}.Release|Any CPU.ActiveCfg = Release|Any CPU
		{3D213367-C497-497F-9F08-C73CCE4E87AB}.Release|Any CPU.Build.0 = Release|Any CPU
		{3D213367-C497-497F-9F08-C73CCE4E87AB}.Release|Mixed Platforms.ActiveCfg = Release|Any CPU
		{3D213367-C497-497F-9F08-C73CCE4E87AB}.Release|Mixed Platforms.Build.0 = Release|Any CPU
		{3D213367-C497-497F-9F08-C73CCE4E87AB}.Release|x86.ActiveCfg = Release|Any CPU
		{3D213367-C497-497F-9F08-C73CCE4E87AB}.Release|x86.Build.0 = Release|Any CPU
		{7C18FC40-E981-4E58-9BD1-012875B7A8FA}.Debug|Any CPU.ActiveCfg = Debug|Any CPU
		{7C18FC40-E981-4E58-9BD1-012875B7A8FA}.Debug|Any CPU.Build.0 = Debug|Any CPU
		{7C18FC40-E981-4E58-9BD1-012875B7A8FA}.Debug|Mixed Platforms.ActiveCfg = Debug|Any CPU
		{7C18FC40-E981-4E58-9BD1-012875B7A8FA}.Debug|Mixed Platforms.Build.0 = Debug|Any CPU
		{7C18FC40-E981-4E58-9BD1-012875B7A8FA}.Debug|x86.ActiveCfg = Debug|Any CPU
		{7C18FC40-E981-4E58-9BD1-012875B7A8FA}.Debug|x86.Build.0 = Debug|Any CPU
		{7C18FC40-E981-4E58-9BD1-012875B7A8FA}.Release|Any CPU.ActiveCfg = Release|Any CPU
		{7C18FC40-E981-4E58-9BD1-012875B7A8FA}.Release|Any CPU.Build.0 = Release|Any CPU
		{7C18FC40-E981-4E58-9BD1-012875B7A8FA}.Release|Mixed Platforms.ActiveCfg = Release|Any CPU
		{7C18FC40-E981-4E58-9BD1-012875B7A8FA}.Release|Mixed Platforms.Build.0 = Release|Any CPU
		{7C18FC40-E981-4E58-9BD1-012875B7A8FA}.Release|x86.ActiveCfg = Release|Any CPU
		{7C18FC40-E981-4E58-9BD1-012875B7A8FA}.Release|x86.Build.0 = Release|Any CPU
		{48C4DF13-76BC-4714-A58B-A9427FD439E9}.Debug|Any CPU.ActiveCfg = Debug|Any CPU
		{48C4DF13-76BC-4714-A58B-A9427FD439E9}.Debug|Any CPU.Build.0 = Debug|Any CPU
		{48C4DF13-76BC-4714-A58B-A9427FD439E9}.Debug|Mixed Platforms.ActiveCfg = Debug|Any CPU
		{48C4DF13-76BC-4714-A58B-A9427FD439E9}.Debug|Mixed Platforms.Build.0 = Debug|Any CPU
		{48C4DF13-76BC-4714-A58B-A9427FD439E9}.Debug|x86.ActiveCfg = Debug|Any CPU
		{48C4DF13-76BC-4714-A58B-A9427FD439E9}.Debug|x86.Build.0 = Debug|Any CPU
		{48C4DF13-76BC-4714-A58B-A9427FD439E9}.Release|Any CPU.ActiveCfg = Release|Any CPU
		{48C4DF13-76BC-4714-A58B-A9427FD439E9}.Release|Any CPU.Build.0 = Release|Any CPU
		{48C4DF13-76BC-4714-A58B-A9427FD439E9}.Release|Mixed Platforms.ActiveCfg = Release|Any CPU
		{48C4DF13-76BC-4714-A58B-A9427FD439E9}.Release|Mixed Platforms.Build.0 = Release|Any CPU
		{48C4DF13-76BC-4714-A58B-A9427FD439E9}.Release|x86.ActiveCfg = Release|Any CPU
		{48C4DF13-76BC-4714-A58B-A9427FD439E9}.Release|x86.Build.0 = Release|Any CPU
		{6547E8D0-6BF9-4FB4-AC78-D1BC54A816FE}.Debug|Any CPU.ActiveCfg = Debug|Any CPU
		{6547E8D0-6BF9-4FB4-AC78-D1BC54A816FE}.Debug|Any CPU.Build.0 = Debug|Any CPU
		{6547E8D0-6BF9-4FB4-AC78-D1BC54A816FE}.Debug|Mixed Platforms.ActiveCfg = Debug|Any CPU
		{6547E8D0-6BF9-4FB4-AC78-D1BC54A816FE}.Debug|Mixed Platforms.Build.0 = Debug|Any CPU
		{6547E8D0-6BF9-4FB4-AC78-D1BC54A816FE}.Debug|x86.ActiveCfg = Debug|Any CPU
		{6547E8D0-6BF9-4FB4-AC78-D1BC54A816FE}.Debug|x86.Build.0 = Debug|Any CPU
		{6547E8D0-6BF9-4FB4-AC78-D1BC54A816FE}.Release|Any CPU.ActiveCfg = Release|Any CPU
		{6547E8D0-6BF9-4FB4-AC78-D1BC54A816FE}.Release|Any CPU.Build.0 = Release|Any CPU
		{6547E8D0-6BF9-4FB4-AC78-D1BC54A816FE}.Release|Mixed Platforms.ActiveCfg = Release|Any CPU
		{6547E8D0-6BF9-4FB4-AC78-D1BC54A816FE}.Release|Mixed Platforms.Build.0 = Release|Any CPU
		{6547E8D0-6BF9-4FB4-AC78-D1BC54A816FE}.Release|x86.ActiveCfg = Release|Any CPU
		{6547E8D0-6BF9-4FB4-AC78-D1BC54A816FE}.Release|x86.Build.0 = Release|Any CPU
		{7B7BF017-1943-47AE-AE8A-BEF9983C88F3}.Debug|Any CPU.ActiveCfg = Debug|Any CPU
		{7B7BF017-1943-47AE-AE8A-BEF9983C88F3}.Debug|Any CPU.Build.0 = Debug|Any CPU
		{7B7BF017-1943-47AE-AE8A-BEF9983C88F3}.Debug|Mixed Platforms.ActiveCfg = Debug|Any CPU
		{7B7BF017-1943-47AE-AE8A-BEF9983C88F3}.Debug|Mixed Platforms.Build.0 = Debug|Any CPU
		{7B7BF017-1943-47AE-AE8A-BEF9983C88F3}.Debug|x86.ActiveCfg = Debug|Any CPU
		{7B7BF017-1943-47AE-AE8A-BEF9983C88F3}.Debug|x86.Build.0 = Debug|Any CPU
		{7B7BF017-1943-47AE-AE8A-BEF9983C88F3}.Release|Any CPU.ActiveCfg = Release|Any CPU
		{7B7BF017-1943-47AE-AE8A-BEF9983C88F3}.Release|Any CPU.Build.0 = Release|Any CPU
		{7B7BF017-1943-47AE-AE8A-BEF9983C88F3}.Release|Mixed Platforms.ActiveCfg = Release|Any CPU
		{7B7BF017-1943-47AE-AE8A-BEF9983C88F3}.Release|Mixed Platforms.Build.0 = Release|Any CPU
		{7B7BF017-1943-47AE-AE8A-BEF9983C88F3}.Release|x86.ActiveCfg = Release|Any CPU
		{7B7BF017-1943-47AE-AE8A-BEF9983C88F3}.Release|x86.Build.0 = Release|Any CPU
		{0C0FDC63-80B5-4979-A726-4B7854C9AF01}.Debug|Any CPU.ActiveCfg = Debug|Any CPU
		{0C0FDC63-80B5-4979-A726-4B7854C9AF01}.Debug|Any CPU.Build.0 = Debug|Any CPU
		{0C0FDC63-80B5-4979-A726-4B7854C9AF01}.Debug|Mixed Platforms.ActiveCfg = Debug|Any CPU
		{0C0FDC63-80B5-4979-A726-4B7854C9AF01}.Debug|Mixed Platforms.Build.0 = Debug|Any CPU
		{0C0FDC63-80B5-4979-A726-4B7854C9AF01}.Debug|x86.ActiveCfg = Debug|Any CPU
		{0C0FDC63-80B5-4979-A726-4B7854C9AF01}.Debug|x86.Build.0 = Debug|Any CPU
		{0C0FDC63-80B5-4979-A726-4B7854C9AF01}.Release|Any CPU.ActiveCfg = Release|Any CPU
		{0C0FDC63-80B5-4979-A726-4B7854C9AF01}.Release|Any CPU.Build.0 = Release|Any CPU
		{0C0FDC63-80B5-4979-A726-4B7854C9AF01}.Release|Mixed Platforms.ActiveCfg = Release|Any CPU
		{0C0FDC63-80B5-4979-A726-4B7854C9AF01}.Release|Mixed Platforms.Build.0 = Release|Any CPU
		{0C0FDC63-80B5-4979-A726-4B7854C9AF01}.Release|x86.ActiveCfg = Release|Any CPU
		{0C0FDC63-80B5-4979-A726-4B7854C9AF01}.Release|x86.Build.0 = Release|Any CPU
		{BBF1F43E-8432-4E48-84EA-1B6ABA89E371}.Debug|Any CPU.ActiveCfg = Debug|Any CPU
		{BBF1F43E-8432-4E48-84EA-1B6ABA89E371}.Debug|Any CPU.Build.0 = Debug|Any CPU
		{BBF1F43E-8432-4E48-84EA-1B6ABA89E371}.Debug|Mixed Platforms.ActiveCfg = Debug|Any CPU
		{BBF1F43E-8432-4E48-84EA-1B6ABA89E371}.Debug|Mixed Platforms.Build.0 = Debug|Any CPU
		{BBF1F43E-8432-4E48-84EA-1B6ABA89E371}.Debug|x86.ActiveCfg = Debug|Any CPU
		{BBF1F43E-8432-4E48-84EA-1B6ABA89E371}.Debug|x86.Build.0 = Debug|Any CPU
		{BBF1F43E-8432-4E48-84EA-1B6ABA89E371}.Release|Any CPU.ActiveCfg = Release|Any CPU
		{BBF1F43E-8432-4E48-84EA-1B6ABA89E371}.Release|Any CPU.Build.0 = Release|Any CPU
		{BBF1F43E-8432-4E48-84EA-1B6ABA89E371}.Release|Mixed Platforms.ActiveCfg = Release|Any CPU
		{BBF1F43E-8432-4E48-84EA-1B6ABA89E371}.Release|Mixed Platforms.Build.0 = Release|Any CPU
		{BBF1F43E-8432-4E48-84EA-1B6ABA89E371}.Release|x86.ActiveCfg = Release|Any CPU
		{BBF1F43E-8432-4E48-84EA-1B6ABA89E371}.Release|x86.Build.0 = Release|Any CPU
		{0FF79953-075C-40FB-9A19-EA30F0573DCA}.Debug|Any CPU.ActiveCfg = Debug|Any CPU
		{0FF79953-075C-40FB-9A19-EA30F0573DCA}.Debug|Any CPU.Build.0 = Debug|Any CPU
		{0FF79953-075C-40FB-9A19-EA30F0573DCA}.Debug|Mixed Platforms.ActiveCfg = Debug|Any CPU
		{0FF79953-075C-40FB-9A19-EA30F0573DCA}.Debug|Mixed Platforms.Build.0 = Debug|Any CPU
		{0FF79953-075C-40FB-9A19-EA30F0573DCA}.Debug|x86.ActiveCfg = Debug|Any CPU
		{0FF79953-075C-40FB-9A19-EA30F0573DCA}.Debug|x86.Build.0 = Debug|Any CPU
		{0FF79953-075C-40FB-9A19-EA30F0573DCA}.Release|Any CPU.ActiveCfg = Release|Any CPU
		{0FF79953-075C-40FB-9A19-EA30F0573DCA}.Release|Any CPU.Build.0 = Release|Any CPU
		{0FF79953-075C-40FB-9A19-EA30F0573DCA}.Release|Mixed Platforms.ActiveCfg = Release|Any CPU
		{0FF79953-075C-40FB-9A19-EA30F0573DCA}.Release|Mixed Platforms.Build.0 = Release|Any CPU
		{0FF79953-075C-40FB-9A19-EA30F0573DCA}.Release|x86.ActiveCfg = Release|Any CPU
		{0FF79953-075C-40FB-9A19-EA30F0573DCA}.Release|x86.Build.0 = Release|Any CPU
		{D253B3F2-6CB2-41F9-A49A-E61A7CA7124B}.Debug|Any CPU.ActiveCfg = Debug|Any CPU
		{D253B3F2-6CB2-41F9-A49A-E61A7CA7124B}.Debug|Any CPU.Build.0 = Debug|Any CPU
		{D253B3F2-6CB2-41F9-A49A-E61A7CA7124B}.Debug|Mixed Platforms.ActiveCfg = Debug|Any CPU
		{D253B3F2-6CB2-41F9-A49A-E61A7CA7124B}.Debug|Mixed Platforms.Build.0 = Debug|Any CPU
		{D253B3F2-6CB2-41F9-A49A-E61A7CA7124B}.Debug|x86.ActiveCfg = Debug|Any CPU
		{D253B3F2-6CB2-41F9-A49A-E61A7CA7124B}.Debug|x86.Build.0 = Debug|Any CPU
		{D253B3F2-6CB2-41F9-A49A-E61A7CA7124B}.Release|Any CPU.ActiveCfg = Release|Any CPU
		{D253B3F2-6CB2-41F9-A49A-E61A7CA7124B}.Release|Any CPU.Build.0 = Release|Any CPU
		{D253B3F2-6CB2-41F9-A49A-E61A7CA7124B}.Release|Mixed Platforms.ActiveCfg = Release|Any CPU
		{D253B3F2-6CB2-41F9-A49A-E61A7CA7124B}.Release|Mixed Platforms.Build.0 = Release|Any CPU
		{D253B3F2-6CB2-41F9-A49A-E61A7CA7124B}.Release|x86.ActiveCfg = Release|Any CPU
		{D253B3F2-6CB2-41F9-A49A-E61A7CA7124B}.Release|x86.Build.0 = Release|Any CPU
		{96E6682B-03C7-411A-9B5C-42FD2CDEAD3A}.Debug|Any CPU.ActiveCfg = Debug|Any CPU
		{96E6682B-03C7-411A-9B5C-42FD2CDEAD3A}.Debug|Any CPU.Build.0 = Debug|Any CPU
		{96E6682B-03C7-411A-9B5C-42FD2CDEAD3A}.Debug|Mixed Platforms.ActiveCfg = Debug|Any CPU
		{96E6682B-03C7-411A-9B5C-42FD2CDEAD3A}.Debug|Mixed Platforms.Build.0 = Debug|Any CPU
		{96E6682B-03C7-411A-9B5C-42FD2CDEAD3A}.Debug|x86.ActiveCfg = Debug|Any CPU
		{96E6682B-03C7-411A-9B5C-42FD2CDEAD3A}.Debug|x86.Build.0 = Debug|Any CPU
		{96E6682B-03C7-411A-9B5C-42FD2CDEAD3A}.Release|Any CPU.ActiveCfg = Release|Any CPU
		{96E6682B-03C7-411A-9B5C-42FD2CDEAD3A}.Release|Any CPU.Build.0 = Release|Any CPU
		{96E6682B-03C7-411A-9B5C-42FD2CDEAD3A}.Release|Mixed Platforms.ActiveCfg = Release|Any CPU
		{96E6682B-03C7-411A-9B5C-42FD2CDEAD3A}.Release|Mixed Platforms.Build.0 = Release|Any CPU
		{96E6682B-03C7-411A-9B5C-42FD2CDEAD3A}.Release|x86.ActiveCfg = Release|Any CPU
		{96E6682B-03C7-411A-9B5C-42FD2CDEAD3A}.Release|x86.Build.0 = Release|Any CPU
		{D837F80F-4C8B-47EC-9F0E-105B820EE16C}.Debug|Any CPU.ActiveCfg = Debug|Any CPU
		{D837F80F-4C8B-47EC-9F0E-105B820EE16C}.Debug|Any CPU.Build.0 = Debug|Any CPU
		{D837F80F-4C8B-47EC-9F0E-105B820EE16C}.Debug|Mixed Platforms.ActiveCfg = Debug|Any CPU
		{D837F80F-4C8B-47EC-9F0E-105B820EE16C}.Debug|Mixed Platforms.Build.0 = Debug|Any CPU
		{D837F80F-4C8B-47EC-9F0E-105B820EE16C}.Debug|x86.ActiveCfg = Debug|Any CPU
		{D837F80F-4C8B-47EC-9F0E-105B820EE16C}.Debug|x86.Build.0 = Debug|Any CPU
		{D837F80F-4C8B-47EC-9F0E-105B820EE16C}.Release|Any CPU.ActiveCfg = Release|Any CPU
		{D837F80F-4C8B-47EC-9F0E-105B820EE16C}.Release|Any CPU.Build.0 = Release|Any CPU
		{D837F80F-4C8B-47EC-9F0E-105B820EE16C}.Release|Mixed Platforms.ActiveCfg = Release|Any CPU
		{D837F80F-4C8B-47EC-9F0E-105B820EE16C}.Release|Mixed Platforms.Build.0 = Release|Any CPU
		{D837F80F-4C8B-47EC-9F0E-105B820EE16C}.Release|x86.ActiveCfg = Release|Any CPU
		{D837F80F-4C8B-47EC-9F0E-105B820EE16C}.Release|x86.Build.0 = Release|Any CPU
		{42EA114F-32E9-44B5-A91C-B52D290FCBC0}.Debug|Any CPU.ActiveCfg = Debug|Any CPU
		{42EA114F-32E9-44B5-A91C-B52D290FCBC0}.Debug|Any CPU.Build.0 = Debug|Any CPU
		{42EA114F-32E9-44B5-A91C-B52D290FCBC0}.Debug|Mixed Platforms.ActiveCfg = Debug|Any CPU
		{42EA114F-32E9-44B5-A91C-B52D290FCBC0}.Debug|Mixed Platforms.Build.0 = Debug|Any CPU
		{42EA114F-32E9-44B5-A91C-B52D290FCBC0}.Debug|x86.ActiveCfg = Debug|Any CPU
		{42EA114F-32E9-44B5-A91C-B52D290FCBC0}.Debug|x86.Build.0 = Debug|Any CPU
		{42EA114F-32E9-44B5-A91C-B52D290FCBC0}.Release|Any CPU.ActiveCfg = Release|Any CPU
		{42EA114F-32E9-44B5-A91C-B52D290FCBC0}.Release|Any CPU.Build.0 = Release|Any CPU
		{42EA114F-32E9-44B5-A91C-B52D290FCBC0}.Release|Mixed Platforms.ActiveCfg = Release|Any CPU
		{42EA114F-32E9-44B5-A91C-B52D290FCBC0}.Release|Mixed Platforms.Build.0 = Release|Any CPU
		{42EA114F-32E9-44B5-A91C-B52D290FCBC0}.Release|x86.ActiveCfg = Release|Any CPU
		{42EA114F-32E9-44B5-A91C-B52D290FCBC0}.Release|x86.Build.0 = Release|Any CPU
	EndGlobalSection
	GlobalSection(SolutionProperties) = preSolution
		HideSolutionNode = FALSE
	EndGlobalSection
	GlobalSection(NestedProjects) = preSolution
		{BC5282AF-0E6A-41FF-B4C3-07D44A55E0BE} = {6E913090-EA34-4A90-8DBB-1501F9981F53}
		{5EC943B9-9907-4B3B-A5CD-9155F23E2D6A} = {6E913090-EA34-4A90-8DBB-1501F9981F53}
		{CBCECF22-8C57-45FB-BD64-93C2E23331F8} = {6E913090-EA34-4A90-8DBB-1501F9981F53}
		{68CE5112-727D-4462-9359-3557B8A8A7F6} = {CBCECF22-8C57-45FB-BD64-93C2E23331F8}
		{789F2105-8344-46EC-82D6-60B64C8EEBBA} = {6E913090-EA34-4A90-8DBB-1501F9981F53}
		{9C00DFEF-3926-4E8A-9DC7-87130C7F8E28} = {6E913090-EA34-4A90-8DBB-1501F9981F53}
		{6740E01C-134A-4B70-B2BB-2E4EA7D116F4} = {BC5282AF-0E6A-41FF-B4C3-07D44A55E0BE}
		{84611C82-6D97-4D51-B690-E818EDD54957} = {BC5282AF-0E6A-41FF-B4C3-07D44A55E0BE}
		{6E375E33-0333-418C-A425-DF65D310278C} = {BC5282AF-0E6A-41FF-B4C3-07D44A55E0BE}
		{16336B59-7D68-4742-B5F7-2A4EB392C3BD} = {BC5282AF-0E6A-41FF-B4C3-07D44A55E0BE}
		{BF604471-BF24-4B4F-815B-578BD8CE4A87} = {6E913090-EA34-4A90-8DBB-1501F9981F53}
		{65667F9D-0251-4FEF-AB5D-44E3AB26AEA6} = {6E913090-EA34-4A90-8DBB-1501F9981F53}
		{199840A1-C8C2-4FC6-B870-1F65B8BD16F6} = {6E913090-EA34-4A90-8DBB-1501F9981F53}
		{5D11B3DD-E4A7-410C-BA71-3B24E18B53A4} = {5EC943B9-9907-4B3B-A5CD-9155F23E2D6A}
		{2A00037B-4310-423D-BF21-7BE7CA23EAAB} = {5EC943B9-9907-4B3B-A5CD-9155F23E2D6A}
		{8E280315-D75C-4BB2-AB1D-9D4C8B645116} = {68CE5112-727D-4462-9359-3557B8A8A7F6}
		{527CE148-9DE3-4967-AAEB-F17F7133ED13} = {68CE5112-727D-4462-9359-3557B8A8A7F6}
		{3D213367-C497-497F-9F08-C73CCE4E87AB} = {CBCECF22-8C57-45FB-BD64-93C2E23331F8}
		{7C18FC40-E981-4E58-9BD1-012875B7A8FA} = {6E913090-EA34-4A90-8DBB-1501F9981F53}
		{48C4DF13-76BC-4714-A58B-A9427FD439E9} = {6E913090-EA34-4A90-8DBB-1501F9981F53}
		{6547E8D0-6BF9-4FB4-AC78-D1BC54A816FE} = {CBCECF22-8C57-45FB-BD64-93C2E23331F8}
		{7B7BF017-1943-47AE-AE8A-BEF9983C88F3} = {5EC943B9-9907-4B3B-A5CD-9155F23E2D6A}
		{0FF79953-075C-40FB-9A19-EA30F0573DCA} = {6E913090-EA34-4A90-8DBB-1501F9981F53}
	EndGlobalSection
EndGlobal
