Microsoft Visual Studio Solution File, Format Version 12.00
# Visual Studio Version 17
VisualStudioVersion = 17.0.31919.166
MinimumVisualStudioVersion = 10.0.40219.1
Project("{2150E333-8FDC-42A3-9474-1A3956D46DE8}") = "Tests", "Tests", "{6E913090-EA34-4A90-8DBB-1501F9981F53}"
EndProject
Project("{2150E333-8FDC-42A3-9474-1A3956D46DE8}") = "SqlActorZoneLike", "SqlActorZoneLike", "{BC5282AF-0E6A-41FF-B4C3-07D44A55E0BE}"
EndProject
Project("{2150E333-8FDC-42A3-9474-1A3956D46DE8}") = "Solution Items", "Solution Items", "{9DEAD117-3101-4DED-9FCC-8AA28CF4F34C}"
	ProjectSection(SolutionItems) = preProject
		.gitignore = .gitignore
		appveyor.yml = appveyor.yml
		Conception.docx = Conception.docx
		Directory.Build.props = Directory.Build.props
		NuGet.config = NuGet.config
		README.md = README.md
		RepositoryInfo.xml = RepositoryInfo.xml
		Common\SharedKey.snk = Common\SharedKey.snk
	EndProjectSection
EndProject
Project("{2150E333-8FDC-42A3-9474-1A3956D46DE8}") = "SqlCallDemo", "SqlCallDemo", "{5EC943B9-9907-4B3B-A5CD-9155F23E2D6A}"
EndProject
Project("{2150E333-8FDC-42A3-9474-1A3956D46DE8}") = "SqlTransformer", "SqlTransformer", "{CBCECF22-8C57-45FB-BD64-93C2E23331F8}"
EndProject
Project("{2150E333-8FDC-42A3-9474-1A3956D46DE8}") = "Model", "Model", "{68CE5112-727D-4462-9359-3557B8A8A7F6}"
EndProject
Project("{9A19103F-16F7-4668-BE54-9A1E7A4F7556}") = "CodeCakeBuilder", "CodeCakeBuilder\CodeCakeBuilder.csproj", "{FD4817B6-3CD7-4E74-AA10-7CA95FDFCF2D}"
EndProject
Project("{9A19103F-16F7-4668-BE54-9A1E7A4F7556}") = "CK.Setupable.Model", "CK.Setupable.Model\CK.Setupable.Model.csproj", "{BD8232CB-B23B-4C69-9F2C-90692314A915}"
EndProject
Project("{9A19103F-16F7-4668-BE54-9A1E7A4F7556}") = "CK.Setupable.Runtime", "CK.Setupable.Runtime\CK.Setupable.Runtime.csproj", "{D9A1C87B-3B98-49E5-95F4-BC51B132B026}"
EndProject
Project("{9A19103F-16F7-4668-BE54-9A1E7A4F7556}") = "CK.SqlServer.Setup.Model", "CK.SqlServer.Setup.Model\CK.SqlServer.Setup.Model.csproj", "{8C25680A-D6B9-484C-908A-257508A80924}"
EndProject
Project("{9A19103F-16F7-4668-BE54-9A1E7A4F7556}") = "CK.SqlServer.Setup.Runtime", "CK.SqlServer.Setup.Runtime\CK.SqlServer.Setup.Runtime.csproj", "{4D3FFEEA-F748-4E46-9EBC-7D18D9848212}"
EndProject
Project("{9A19103F-16F7-4668-BE54-9A1E7A4F7556}") = "CK.Setupable.Engine", "CK.Setupable.Engine\CK.Setupable.Engine.csproj", "{12B31300-88B5-4568-A971-1FDBA65CBD02}"
EndProject
Project("{9A19103F-16F7-4668-BE54-9A1E7A4F7556}") = "CK.SqlServer.Setup.Engine", "CK.SqlServer.Setup.Engine\CK.SqlServer.Setup.Engine.csproj", "{A96F9CCB-8BBC-4724-B1EE-2FAF92588014}"
EndProject
Project("{9A19103F-16F7-4668-BE54-9A1E7A4F7556}") = "CK.Setupable.Engine.Tests", "Tests\CK.Setupable.Engine.Tests\CK.Setupable.Engine.Tests.csproj", "{9C00DFEF-3926-4E8A-9DC7-87130C7F8E28}"
EndProject
Project("{9A19103F-16F7-4668-BE54-9A1E7A4F7556}") = "CK.SqlServer.Setup.Engine.Tests", "Tests\CK.SqlServer.Setup.Engine.Tests\CK.SqlServer.Setup.Engine.Tests.csproj", "{BF604471-BF24-4B4F-815B-578BD8CE4A87}"
EndProject
Project("{9A19103F-16F7-4668-BE54-9A1E7A4F7556}") = "SqlCallDemo", "Tests\SqlCallDemo\SqlCallDemo\SqlCallDemo.csproj", "{5D11B3DD-E4A7-410C-BA71-3B24E18B53A4}"
EndProject
Project("{9A19103F-16F7-4668-BE54-9A1E7A4F7556}") = "CK.DB.Tests.NUnit", "CK.DB.Tests.NUnit\CK.DB.Tests.NUnit.csproj", "{746561D3-227F-426C-9E0D-91A7A73170EF}"
EndProject
Project("{9A19103F-16F7-4668-BE54-9A1E7A4F7556}") = "SqlCallDemo.Tests", "Tests\SqlCallDemo\SqlCallDemo.Tests\SqlCallDemo.Tests.csproj", "{2A00037B-4310-423D-BF21-7BE7CA23EAAB}"
EndProject
Project("{9A19103F-16F7-4668-BE54-9A1E7A4F7556}") = "CKLevel0", "Tests\SqlTransformer\Model\CKLevel0\CKLevel0.csproj", "{8E280315-D75C-4BB2-AB1D-9D4C8B645116}"
EndProject
Project("{9A19103F-16F7-4668-BE54-9A1E7A4F7556}") = "CKLevel2", "Tests\SqlTransformer\Model\CKLevel2\CKLevel2.csproj", "{527CE148-9DE3-4967-AAEB-F17F7133ED13}"
EndProject
Project("{9A19103F-16F7-4668-BE54-9A1E7A4F7556}") = "SqlTransform.Tests", "Tests\SqlTransformer\SqlTransform.Tests\SqlTransform.Tests.csproj", "{3D213367-C497-497F-9F08-C73CCE4E87AB}"
EndProject
Project("{9A19103F-16F7-4668-BE54-9A1E7A4F7556}") = "CK.Testing.SqlServerEngine", "CK.Testing.SqlServerEngine\CK.Testing.SqlServerEngine.csproj", "{3332C26D-487B-4111-9B15-E460708945F5}"
EndProject
Project("{9A19103F-16F7-4668-BE54-9A1E7A4F7556}") = "SqlActorPackage", "Tests\SqlActorZoneLike\SqlActorPackage\SqlActorPackage.csproj", "{2FC57E5B-7344-4E3F-B395-72FA218FCF79}"
EndProject
Project("{9A19103F-16F7-4668-BE54-9A1E7A4F7556}") = "SqlActorPackage.Engine", "Tests\SqlActorZoneLike\SqlActorPackage.Engine\SqlActorPackage.Engine.csproj", "{E890017B-B365-4B90-A95B-9F1EB5E577E8}"
EndProject
Project("{9A19103F-16F7-4668-BE54-9A1E7A4F7556}") = "SqlActorPackage.Tests", "Tests\SqlActorZoneLike\SqlActorPackage.Tests\SqlActorPackage.Tests.csproj", "{78E16AE7-ACCB-4877-A4E1-E5981D31E24E}"
EndProject
Project("{9A19103F-16F7-4668-BE54-9A1E7A4F7556}") = "SqlZonePackage", "Tests\SqlActorZoneLike\SqlZonePackage\SqlZonePackage.csproj", "{B4001716-A293-4D9D-A031-F2CE38E3DB0C}"
EndProject
Project("{9A19103F-16F7-4668-BE54-9A1E7A4F7556}") = "SqlZonePackage.Engine", "Tests\SqlActorZoneLike\SqlZonePackage.Engine\SqlZonePackage.Engine.csproj", "{08A2187C-B6F2-4279-87D7-C738A3F56BB7}"
EndProject
Project("{9A19103F-16F7-4668-BE54-9A1E7A4F7556}") = "SqlZonePackage.Tests", "Tests\SqlActorZoneLike\SqlZonePackage.Tests\SqlZonePackage.Tests.csproj", "{35B6910A-AE16-4B35-8B37-9D6C1BFCD250}"
EndProject
Global
	GlobalSection(SolutionConfigurationPlatforms) = preSolution
		Debug|Any CPU = Debug|Any CPU
		Debug|Mixed Platforms = Debug|Mixed Platforms
		Debug|x86 = Debug|x86
		Release|Any CPU = Release|Any CPU
		Release|Mixed Platforms = Release|Mixed Platforms
		Release|x86 = Release|x86
	EndGlobalSection
	GlobalSection(ProjectConfigurationPlatforms) = postSolution
		{FD4817B6-3CD7-4E74-AA10-7CA95FDFCF2D}.Debug|Any CPU.ActiveCfg = Debug|Any CPU
		{FD4817B6-3CD7-4E74-AA10-7CA95FDFCF2D}.Debug|Any CPU.Build.0 = Debug|Any CPU
		{FD4817B6-3CD7-4E74-AA10-7CA95FDFCF2D}.Debug|Mixed Platforms.ActiveCfg = Debug|Any CPU
		{FD4817B6-3CD7-4E74-AA10-7CA95FDFCF2D}.Debug|Mixed Platforms.Build.0 = Debug|Any CPU
		{FD4817B6-3CD7-4E74-AA10-7CA95FDFCF2D}.Debug|x86.ActiveCfg = Debug|Any CPU
		{FD4817B6-3CD7-4E74-AA10-7CA95FDFCF2D}.Debug|x86.Build.0 = Debug|Any CPU
		{FD4817B6-3CD7-4E74-AA10-7CA95FDFCF2D}.Release|Any CPU.ActiveCfg = Release|Any CPU
		{FD4817B6-3CD7-4E74-AA10-7CA95FDFCF2D}.Release|Any CPU.Build.0 = Release|Any CPU
		{FD4817B6-3CD7-4E74-AA10-7CA95FDFCF2D}.Release|Mixed Platforms.ActiveCfg = Release|Any CPU
		{FD4817B6-3CD7-4E74-AA10-7CA95FDFCF2D}.Release|Mixed Platforms.Build.0 = Release|Any CPU
		{FD4817B6-3CD7-4E74-AA10-7CA95FDFCF2D}.Release|x86.ActiveCfg = Release|Any CPU
		{FD4817B6-3CD7-4E74-AA10-7CA95FDFCF2D}.Release|x86.Build.0 = Release|Any CPU
		{BD8232CB-B23B-4C69-9F2C-90692314A915}.Debug|Any CPU.ActiveCfg = Debug|Any CPU
		{BD8232CB-B23B-4C69-9F2C-90692314A915}.Debug|Any CPU.Build.0 = Debug|Any CPU
		{BD8232CB-B23B-4C69-9F2C-90692314A915}.Debug|Mixed Platforms.ActiveCfg = Debug|Any CPU
		{BD8232CB-B23B-4C69-9F2C-90692314A915}.Debug|Mixed Platforms.Build.0 = Debug|Any CPU
		{BD8232CB-B23B-4C69-9F2C-90692314A915}.Debug|x86.ActiveCfg = Debug|Any CPU
		{BD8232CB-B23B-4C69-9F2C-90692314A915}.Debug|x86.Build.0 = Debug|Any CPU
		{BD8232CB-B23B-4C69-9F2C-90692314A915}.Release|Any CPU.ActiveCfg = Release|Any CPU
		{BD8232CB-B23B-4C69-9F2C-90692314A915}.Release|Any CPU.Build.0 = Release|Any CPU
		{BD8232CB-B23B-4C69-9F2C-90692314A915}.Release|Mixed Platforms.ActiveCfg = Release|Any CPU
		{BD8232CB-B23B-4C69-9F2C-90692314A915}.Release|Mixed Platforms.Build.0 = Release|Any CPU
		{BD8232CB-B23B-4C69-9F2C-90692314A915}.Release|x86.ActiveCfg = Release|Any CPU
		{BD8232CB-B23B-4C69-9F2C-90692314A915}.Release|x86.Build.0 = Release|Any CPU
		{D9A1C87B-3B98-49E5-95F4-BC51B132B026}.Debug|Any CPU.ActiveCfg = Debug|Any CPU
		{D9A1C87B-3B98-49E5-95F4-BC51B132B026}.Debug|Any CPU.Build.0 = Debug|Any CPU
		{D9A1C87B-3B98-49E5-95F4-BC51B132B026}.Debug|Mixed Platforms.ActiveCfg = Debug|Any CPU
		{D9A1C87B-3B98-49E5-95F4-BC51B132B026}.Debug|Mixed Platforms.Build.0 = Debug|Any CPU
		{D9A1C87B-3B98-49E5-95F4-BC51B132B026}.Debug|x86.ActiveCfg = Debug|Any CPU
		{D9A1C87B-3B98-49E5-95F4-BC51B132B026}.Debug|x86.Build.0 = Debug|Any CPU
		{D9A1C87B-3B98-49E5-95F4-BC51B132B026}.Release|Any CPU.ActiveCfg = Release|Any CPU
		{D9A1C87B-3B98-49E5-95F4-BC51B132B026}.Release|Any CPU.Build.0 = Release|Any CPU
		{D9A1C87B-3B98-49E5-95F4-BC51B132B026}.Release|Mixed Platforms.ActiveCfg = Release|Any CPU
		{D9A1C87B-3B98-49E5-95F4-BC51B132B026}.Release|Mixed Platforms.Build.0 = Release|Any CPU
		{D9A1C87B-3B98-49E5-95F4-BC51B132B026}.Release|x86.ActiveCfg = Release|Any CPU
		{D9A1C87B-3B98-49E5-95F4-BC51B132B026}.Release|x86.Build.0 = Release|Any CPU
		{8C25680A-D6B9-484C-908A-257508A80924}.Debug|Any CPU.ActiveCfg = Debug|Any CPU
		{8C25680A-D6B9-484C-908A-257508A80924}.Debug|Any CPU.Build.0 = Debug|Any CPU
		{8C25680A-D6B9-484C-908A-257508A80924}.Debug|Mixed Platforms.ActiveCfg = Debug|Any CPU
		{8C25680A-D6B9-484C-908A-257508A80924}.Debug|Mixed Platforms.Build.0 = Debug|Any CPU
		{8C25680A-D6B9-484C-908A-257508A80924}.Debug|x86.ActiveCfg = Debug|Any CPU
		{8C25680A-D6B9-484C-908A-257508A80924}.Debug|x86.Build.0 = Debug|Any CPU
		{8C25680A-D6B9-484C-908A-257508A80924}.Release|Any CPU.ActiveCfg = Release|Any CPU
		{8C25680A-D6B9-484C-908A-257508A80924}.Release|Any CPU.Build.0 = Release|Any CPU
		{8C25680A-D6B9-484C-908A-257508A80924}.Release|Mixed Platforms.ActiveCfg = Release|Any CPU
		{8C25680A-D6B9-484C-908A-257508A80924}.Release|Mixed Platforms.Build.0 = Release|Any CPU
		{8C25680A-D6B9-484C-908A-257508A80924}.Release|x86.ActiveCfg = Release|Any CPU
		{8C25680A-D6B9-484C-908A-257508A80924}.Release|x86.Build.0 = Release|Any CPU
		{4D3FFEEA-F748-4E46-9EBC-7D18D9848212}.Debug|Any CPU.ActiveCfg = Debug|Any CPU
		{4D3FFEEA-F748-4E46-9EBC-7D18D9848212}.Debug|Any CPU.Build.0 = Debug|Any CPU
		{4D3FFEEA-F748-4E46-9EBC-7D18D9848212}.Debug|Mixed Platforms.ActiveCfg = Debug|Any CPU
		{4D3FFEEA-F748-4E46-9EBC-7D18D9848212}.Debug|Mixed Platforms.Build.0 = Debug|Any CPU
		{4D3FFEEA-F748-4E46-9EBC-7D18D9848212}.Debug|x86.ActiveCfg = Debug|Any CPU
		{4D3FFEEA-F748-4E46-9EBC-7D18D9848212}.Debug|x86.Build.0 = Debug|Any CPU
		{4D3FFEEA-F748-4E46-9EBC-7D18D9848212}.Release|Any CPU.ActiveCfg = Release|Any CPU
		{4D3FFEEA-F748-4E46-9EBC-7D18D9848212}.Release|Any CPU.Build.0 = Release|Any CPU
		{4D3FFEEA-F748-4E46-9EBC-7D18D9848212}.Release|Mixed Platforms.ActiveCfg = Release|Any CPU
		{4D3FFEEA-F748-4E46-9EBC-7D18D9848212}.Release|Mixed Platforms.Build.0 = Release|Any CPU
		{4D3FFEEA-F748-4E46-9EBC-7D18D9848212}.Release|x86.ActiveCfg = Release|Any CPU
		{4D3FFEEA-F748-4E46-9EBC-7D18D9848212}.Release|x86.Build.0 = Release|Any CPU
		{12B31300-88B5-4568-A971-1FDBA65CBD02}.Debug|Any CPU.ActiveCfg = Debug|Any CPU
		{12B31300-88B5-4568-A971-1FDBA65CBD02}.Debug|Any CPU.Build.0 = Debug|Any CPU
		{12B31300-88B5-4568-A971-1FDBA65CBD02}.Debug|Mixed Platforms.ActiveCfg = Debug|Any CPU
		{12B31300-88B5-4568-A971-1FDBA65CBD02}.Debug|Mixed Platforms.Build.0 = Debug|Any CPU
		{12B31300-88B5-4568-A971-1FDBA65CBD02}.Debug|x86.ActiveCfg = Debug|Any CPU
		{12B31300-88B5-4568-A971-1FDBA65CBD02}.Debug|x86.Build.0 = Debug|Any CPU
		{12B31300-88B5-4568-A971-1FDBA65CBD02}.Release|Any CPU.ActiveCfg = Release|Any CPU
		{12B31300-88B5-4568-A971-1FDBA65CBD02}.Release|Any CPU.Build.0 = Release|Any CPU
		{12B31300-88B5-4568-A971-1FDBA65CBD02}.Release|Mixed Platforms.ActiveCfg = Release|Any CPU
		{12B31300-88B5-4568-A971-1FDBA65CBD02}.Release|Mixed Platforms.Build.0 = Release|Any CPU
		{12B31300-88B5-4568-A971-1FDBA65CBD02}.Release|x86.ActiveCfg = Release|Any CPU
		{12B31300-88B5-4568-A971-1FDBA65CBD02}.Release|x86.Build.0 = Release|Any CPU
		{A96F9CCB-8BBC-4724-B1EE-2FAF92588014}.Debug|Any CPU.ActiveCfg = Debug|Any CPU
		{A96F9CCB-8BBC-4724-B1EE-2FAF92588014}.Debug|Any CPU.Build.0 = Debug|Any CPU
		{A96F9CCB-8BBC-4724-B1EE-2FAF92588014}.Debug|Mixed Platforms.ActiveCfg = Debug|Any CPU
		{A96F9CCB-8BBC-4724-B1EE-2FAF92588014}.Debug|Mixed Platforms.Build.0 = Debug|Any CPU
		{A96F9CCB-8BBC-4724-B1EE-2FAF92588014}.Debug|x86.ActiveCfg = Debug|Any CPU
		{A96F9CCB-8BBC-4724-B1EE-2FAF92588014}.Debug|x86.Build.0 = Debug|Any CPU
		{A96F9CCB-8BBC-4724-B1EE-2FAF92588014}.Release|Any CPU.ActiveCfg = Release|Any CPU
		{A96F9CCB-8BBC-4724-B1EE-2FAF92588014}.Release|Any CPU.Build.0 = Release|Any CPU
		{A96F9CCB-8BBC-4724-B1EE-2FAF92588014}.Release|Mixed Platforms.ActiveCfg = Release|Any CPU
		{A96F9CCB-8BBC-4724-B1EE-2FAF92588014}.Release|Mixed Platforms.Build.0 = Release|Any CPU
		{A96F9CCB-8BBC-4724-B1EE-2FAF92588014}.Release|x86.ActiveCfg = Release|Any CPU
		{A96F9CCB-8BBC-4724-B1EE-2FAF92588014}.Release|x86.Build.0 = Release|Any CPU
		{9C00DFEF-3926-4E8A-9DC7-87130C7F8E28}.Debug|Any CPU.ActiveCfg = Debug|Any CPU
		{9C00DFEF-3926-4E8A-9DC7-87130C7F8E28}.Debug|Any CPU.Build.0 = Debug|Any CPU
		{9C00DFEF-3926-4E8A-9DC7-87130C7F8E28}.Debug|Mixed Platforms.ActiveCfg = Debug|Any CPU
		{9C00DFEF-3926-4E8A-9DC7-87130C7F8E28}.Debug|Mixed Platforms.Build.0 = Debug|Any CPU
		{9C00DFEF-3926-4E8A-9DC7-87130C7F8E28}.Debug|x86.ActiveCfg = Debug|Any CPU
		{9C00DFEF-3926-4E8A-9DC7-87130C7F8E28}.Debug|x86.Build.0 = Debug|Any CPU
		{9C00DFEF-3926-4E8A-9DC7-87130C7F8E28}.Release|Any CPU.ActiveCfg = Release|Any CPU
		{9C00DFEF-3926-4E8A-9DC7-87130C7F8E28}.Release|Any CPU.Build.0 = Release|Any CPU
		{9C00DFEF-3926-4E8A-9DC7-87130C7F8E28}.Release|Mixed Platforms.ActiveCfg = Release|Any CPU
		{9C00DFEF-3926-4E8A-9DC7-87130C7F8E28}.Release|Mixed Platforms.Build.0 = Release|Any CPU
		{9C00DFEF-3926-4E8A-9DC7-87130C7F8E28}.Release|x86.ActiveCfg = Release|Any CPU
		{9C00DFEF-3926-4E8A-9DC7-87130C7F8E28}.Release|x86.Build.0 = Release|Any CPU
		{BF604471-BF24-4B4F-815B-578BD8CE4A87}.Debug|Any CPU.ActiveCfg = Debug|Any CPU
		{BF604471-BF24-4B4F-815B-578BD8CE4A87}.Debug|Any CPU.Build.0 = Debug|Any CPU
		{BF604471-BF24-4B4F-815B-578BD8CE4A87}.Debug|Mixed Platforms.ActiveCfg = Debug|Any CPU
		{BF604471-BF24-4B4F-815B-578BD8CE4A87}.Debug|Mixed Platforms.Build.0 = Debug|Any CPU
		{BF604471-BF24-4B4F-815B-578BD8CE4A87}.Debug|x86.ActiveCfg = Debug|Any CPU
		{BF604471-BF24-4B4F-815B-578BD8CE4A87}.Debug|x86.Build.0 = Debug|Any CPU
		{BF604471-BF24-4B4F-815B-578BD8CE4A87}.Release|Any CPU.ActiveCfg = Release|Any CPU
		{BF604471-BF24-4B4F-815B-578BD8CE4A87}.Release|Any CPU.Build.0 = Release|Any CPU
		{BF604471-BF24-4B4F-815B-578BD8CE4A87}.Release|Mixed Platforms.ActiveCfg = Release|Any CPU
		{BF604471-BF24-4B4F-815B-578BD8CE4A87}.Release|Mixed Platforms.Build.0 = Release|Any CPU
		{BF604471-BF24-4B4F-815B-578BD8CE4A87}.Release|x86.ActiveCfg = Release|Any CPU
		{BF604471-BF24-4B4F-815B-578BD8CE4A87}.Release|x86.Build.0 = Release|Any CPU
		{5D11B3DD-E4A7-410C-BA71-3B24E18B53A4}.Debug|Any CPU.ActiveCfg = Debug|Any CPU
		{5D11B3DD-E4A7-410C-BA71-3B24E18B53A4}.Debug|Any CPU.Build.0 = Debug|Any CPU
		{5D11B3DD-E4A7-410C-BA71-3B24E18B53A4}.Debug|Mixed Platforms.ActiveCfg = Debug|Any CPU
		{5D11B3DD-E4A7-410C-BA71-3B24E18B53A4}.Debug|Mixed Platforms.Build.0 = Debug|Any CPU
		{5D11B3DD-E4A7-410C-BA71-3B24E18B53A4}.Debug|x86.ActiveCfg = Debug|Any CPU
		{5D11B3DD-E4A7-410C-BA71-3B24E18B53A4}.Debug|x86.Build.0 = Debug|Any CPU
		{5D11B3DD-E4A7-410C-BA71-3B24E18B53A4}.Release|Any CPU.ActiveCfg = Release|Any CPU
		{5D11B3DD-E4A7-410C-BA71-3B24E18B53A4}.Release|Any CPU.Build.0 = Release|Any CPU
		{5D11B3DD-E4A7-410C-BA71-3B24E18B53A4}.Release|Mixed Platforms.ActiveCfg = Release|Any CPU
		{5D11B3DD-E4A7-410C-BA71-3B24E18B53A4}.Release|Mixed Platforms.Build.0 = Release|Any CPU
		{5D11B3DD-E4A7-410C-BA71-3B24E18B53A4}.Release|x86.ActiveCfg = Release|Any CPU
		{5D11B3DD-E4A7-410C-BA71-3B24E18B53A4}.Release|x86.Build.0 = Release|Any CPU
		{746561D3-227F-426C-9E0D-91A7A73170EF}.Debug|Any CPU.ActiveCfg = Debug|Any CPU
		{746561D3-227F-426C-9E0D-91A7A73170EF}.Debug|Any CPU.Build.0 = Debug|Any CPU
		{746561D3-227F-426C-9E0D-91A7A73170EF}.Debug|Mixed Platforms.ActiveCfg = Debug|Any CPU
		{746561D3-227F-426C-9E0D-91A7A73170EF}.Debug|Mixed Platforms.Build.0 = Debug|Any CPU
		{746561D3-227F-426C-9E0D-91A7A73170EF}.Debug|x86.ActiveCfg = Debug|Any CPU
		{746561D3-227F-426C-9E0D-91A7A73170EF}.Debug|x86.Build.0 = Debug|Any CPU
		{746561D3-227F-426C-9E0D-91A7A73170EF}.Release|Any CPU.ActiveCfg = Release|Any CPU
		{746561D3-227F-426C-9E0D-91A7A73170EF}.Release|Any CPU.Build.0 = Release|Any CPU
		{746561D3-227F-426C-9E0D-91A7A73170EF}.Release|Mixed Platforms.ActiveCfg = Release|Any CPU
		{746561D3-227F-426C-9E0D-91A7A73170EF}.Release|Mixed Platforms.Build.0 = Release|Any CPU
		{746561D3-227F-426C-9E0D-91A7A73170EF}.Release|x86.ActiveCfg = Release|Any CPU
		{746561D3-227F-426C-9E0D-91A7A73170EF}.Release|x86.Build.0 = Release|Any CPU
		{2A00037B-4310-423D-BF21-7BE7CA23EAAB}.Debug|Any CPU.ActiveCfg = Debug|Any CPU
		{2A00037B-4310-423D-BF21-7BE7CA23EAAB}.Debug|Any CPU.Build.0 = Debug|Any CPU
		{2A00037B-4310-423D-BF21-7BE7CA23EAAB}.Debug|Mixed Platforms.ActiveCfg = Debug|Any CPU
		{2A00037B-4310-423D-BF21-7BE7CA23EAAB}.Debug|Mixed Platforms.Build.0 = Debug|Any CPU
		{2A00037B-4310-423D-BF21-7BE7CA23EAAB}.Debug|x86.ActiveCfg = Debug|Any CPU
		{2A00037B-4310-423D-BF21-7BE7CA23EAAB}.Debug|x86.Build.0 = Debug|Any CPU
		{2A00037B-4310-423D-BF21-7BE7CA23EAAB}.Release|Any CPU.ActiveCfg = Release|Any CPU
		{2A00037B-4310-423D-BF21-7BE7CA23EAAB}.Release|Any CPU.Build.0 = Release|Any CPU
		{2A00037B-4310-423D-BF21-7BE7CA23EAAB}.Release|Mixed Platforms.ActiveCfg = Release|Any CPU
		{2A00037B-4310-423D-BF21-7BE7CA23EAAB}.Release|Mixed Platforms.Build.0 = Release|Any CPU
		{2A00037B-4310-423D-BF21-7BE7CA23EAAB}.Release|x86.ActiveCfg = Release|Any CPU
		{2A00037B-4310-423D-BF21-7BE7CA23EAAB}.Release|x86.Build.0 = Release|Any CPU
		{8E280315-D75C-4BB2-AB1D-9D4C8B645116}.Debug|Any CPU.ActiveCfg = Debug|Any CPU
		{8E280315-D75C-4BB2-AB1D-9D4C8B645116}.Debug|Any CPU.Build.0 = Debug|Any CPU
		{8E280315-D75C-4BB2-AB1D-9D4C8B645116}.Debug|Mixed Platforms.ActiveCfg = Debug|Any CPU
		{8E280315-D75C-4BB2-AB1D-9D4C8B645116}.Debug|Mixed Platforms.Build.0 = Debug|Any CPU
		{8E280315-D75C-4BB2-AB1D-9D4C8B645116}.Debug|x86.ActiveCfg = Debug|Any CPU
		{8E280315-D75C-4BB2-AB1D-9D4C8B645116}.Debug|x86.Build.0 = Debug|Any CPU
		{8E280315-D75C-4BB2-AB1D-9D4C8B645116}.Release|Any CPU.ActiveCfg = Release|Any CPU
		{8E280315-D75C-4BB2-AB1D-9D4C8B645116}.Release|Any CPU.Build.0 = Release|Any CPU
		{8E280315-D75C-4BB2-AB1D-9D4C8B645116}.Release|Mixed Platforms.ActiveCfg = Release|Any CPU
		{8E280315-D75C-4BB2-AB1D-9D4C8B645116}.Release|Mixed Platforms.Build.0 = Release|Any CPU
		{8E280315-D75C-4BB2-AB1D-9D4C8B645116}.Release|x86.ActiveCfg = Release|Any CPU
		{8E280315-D75C-4BB2-AB1D-9D4C8B645116}.Release|x86.Build.0 = Release|Any CPU
		{527CE148-9DE3-4967-AAEB-F17F7133ED13}.Debug|Any CPU.ActiveCfg = Debug|Any CPU
		{527CE148-9DE3-4967-AAEB-F17F7133ED13}.Debug|Any CPU.Build.0 = Debug|Any CPU
		{527CE148-9DE3-4967-AAEB-F17F7133ED13}.Debug|Mixed Platforms.ActiveCfg = Debug|Any CPU
		{527CE148-9DE3-4967-AAEB-F17F7133ED13}.Debug|Mixed Platforms.Build.0 = Debug|Any CPU
		{527CE148-9DE3-4967-AAEB-F17F7133ED13}.Debug|x86.ActiveCfg = Debug|Any CPU
		{527CE148-9DE3-4967-AAEB-F17F7133ED13}.Debug|x86.Build.0 = Debug|Any CPU
		{527CE148-9DE3-4967-AAEB-F17F7133ED13}.Release|Any CPU.ActiveCfg = Release|Any CPU
		{527CE148-9DE3-4967-AAEB-F17F7133ED13}.Release|Any CPU.Build.0 = Release|Any CPU
		{527CE148-9DE3-4967-AAEB-F17F7133ED13}.Release|Mixed Platforms.ActiveCfg = Release|Any CPU
		{527CE148-9DE3-4967-AAEB-F17F7133ED13}.Release|Mixed Platforms.Build.0 = Release|Any CPU
		{527CE148-9DE3-4967-AAEB-F17F7133ED13}.Release|x86.ActiveCfg = Release|Any CPU
		{527CE148-9DE3-4967-AAEB-F17F7133ED13}.Release|x86.Build.0 = Release|Any CPU
		{3D213367-C497-497F-9F08-C73CCE4E87AB}.Debug|Any CPU.ActiveCfg = Debug|Any CPU
		{3D213367-C497-497F-9F08-C73CCE4E87AB}.Debug|Any CPU.Build.0 = Debug|Any CPU
		{3D213367-C497-497F-9F08-C73CCE4E87AB}.Debug|Mixed Platforms.ActiveCfg = Debug|Any CPU
		{3D213367-C497-497F-9F08-C73CCE4E87AB}.Debug|Mixed Platforms.Build.0 = Debug|Any CPU
		{3D213367-C497-497F-9F08-C73CCE4E87AB}.Debug|x86.ActiveCfg = Debug|Any CPU
		{3D213367-C497-497F-9F08-C73CCE4E87AB}.Debug|x86.Build.0 = Debug|Any CPU
		{3D213367-C497-497F-9F08-C73CCE4E87AB}.Release|Any CPU.ActiveCfg = Release|Any CPU
		{3D213367-C497-497F-9F08-C73CCE4E87AB}.Release|Any CPU.Build.0 = Release|Any CPU
		{3D213367-C497-497F-9F08-C73CCE4E87AB}.Release|Mixed Platforms.ActiveCfg = Release|Any CPU
		{3D213367-C497-497F-9F08-C73CCE4E87AB}.Release|Mixed Platforms.Build.0 = Release|Any CPU
		{3D213367-C497-497F-9F08-C73CCE4E87AB}.Release|x86.ActiveCfg = Release|Any CPU
		{3D213367-C497-497F-9F08-C73CCE4E87AB}.Release|x86.Build.0 = Release|Any CPU
		{3332C26D-487B-4111-9B15-E460708945F5}.Debug|Any CPU.ActiveCfg = Debug|Any CPU
		{3332C26D-487B-4111-9B15-E460708945F5}.Debug|Any CPU.Build.0 = Debug|Any CPU
		{3332C26D-487B-4111-9B15-E460708945F5}.Debug|Mixed Platforms.ActiveCfg = Debug|Any CPU
		{3332C26D-487B-4111-9B15-E460708945F5}.Debug|Mixed Platforms.Build.0 = Debug|Any CPU
		{3332C26D-487B-4111-9B15-E460708945F5}.Debug|x86.ActiveCfg = Debug|Any CPU
		{3332C26D-487B-4111-9B15-E460708945F5}.Debug|x86.Build.0 = Debug|Any CPU
		{3332C26D-487B-4111-9B15-E460708945F5}.Release|Any CPU.ActiveCfg = Release|Any CPU
		{3332C26D-487B-4111-9B15-E460708945F5}.Release|Any CPU.Build.0 = Release|Any CPU
		{3332C26D-487B-4111-9B15-E460708945F5}.Release|Mixed Platforms.ActiveCfg = Release|Any CPU
		{3332C26D-487B-4111-9B15-E460708945F5}.Release|Mixed Platforms.Build.0 = Release|Any CPU
		{3332C26D-487B-4111-9B15-E460708945F5}.Release|x86.ActiveCfg = Release|Any CPU
		{3332C26D-487B-4111-9B15-E460708945F5}.Release|x86.Build.0 = Release|Any CPU
		{2FC57E5B-7344-4E3F-B395-72FA218FCF79}.Debug|Any CPU.ActiveCfg = Debug|Any CPU
		{2FC57E5B-7344-4E3F-B395-72FA218FCF79}.Debug|Any CPU.Build.0 = Debug|Any CPU
		{2FC57E5B-7344-4E3F-B395-72FA218FCF79}.Debug|Mixed Platforms.ActiveCfg = Debug|Any CPU
		{2FC57E5B-7344-4E3F-B395-72FA218FCF79}.Debug|Mixed Platforms.Build.0 = Debug|Any CPU
		{2FC57E5B-7344-4E3F-B395-72FA218FCF79}.Debug|x86.ActiveCfg = Debug|Any CPU
		{2FC57E5B-7344-4E3F-B395-72FA218FCF79}.Debug|x86.Build.0 = Debug|Any CPU
		{2FC57E5B-7344-4E3F-B395-72FA218FCF79}.Release|Any CPU.ActiveCfg = Release|Any CPU
		{2FC57E5B-7344-4E3F-B395-72FA218FCF79}.Release|Any CPU.Build.0 = Release|Any CPU
		{2FC57E5B-7344-4E3F-B395-72FA218FCF79}.Release|Mixed Platforms.ActiveCfg = Release|Any CPU
		{2FC57E5B-7344-4E3F-B395-72FA218FCF79}.Release|Mixed Platforms.Build.0 = Release|Any CPU
		{2FC57E5B-7344-4E3F-B395-72FA218FCF79}.Release|x86.ActiveCfg = Release|Any CPU
		{2FC57E5B-7344-4E3F-B395-72FA218FCF79}.Release|x86.Build.0 = Release|Any CPU
		{E890017B-B365-4B90-A95B-9F1EB5E577E8}.Debug|Any CPU.ActiveCfg = Debug|Any CPU
		{E890017B-B365-4B90-A95B-9F1EB5E577E8}.Debug|Any CPU.Build.0 = Debug|Any CPU
		{E890017B-B365-4B90-A95B-9F1EB5E577E8}.Debug|Mixed Platforms.ActiveCfg = Debug|Any CPU
		{E890017B-B365-4B90-A95B-9F1EB5E577E8}.Debug|Mixed Platforms.Build.0 = Debug|Any CPU
		{E890017B-B365-4B90-A95B-9F1EB5E577E8}.Debug|x86.ActiveCfg = Debug|Any CPU
		{E890017B-B365-4B90-A95B-9F1EB5E577E8}.Debug|x86.Build.0 = Debug|Any CPU
		{E890017B-B365-4B90-A95B-9F1EB5E577E8}.Release|Any CPU.ActiveCfg = Release|Any CPU
		{E890017B-B365-4B90-A95B-9F1EB5E577E8}.Release|Any CPU.Build.0 = Release|Any CPU
		{E890017B-B365-4B90-A95B-9F1EB5E577E8}.Release|Mixed Platforms.ActiveCfg = Release|Any CPU
		{E890017B-B365-4B90-A95B-9F1EB5E577E8}.Release|Mixed Platforms.Build.0 = Release|Any CPU
		{E890017B-B365-4B90-A95B-9F1EB5E577E8}.Release|x86.ActiveCfg = Release|Any CPU
		{E890017B-B365-4B90-A95B-9F1EB5E577E8}.Release|x86.Build.0 = Release|Any CPU
		{78E16AE7-ACCB-4877-A4E1-E5981D31E24E}.Debug|Any CPU.ActiveCfg = Debug|Any CPU
		{78E16AE7-ACCB-4877-A4E1-E5981D31E24E}.Debug|Any CPU.Build.0 = Debug|Any CPU
		{78E16AE7-ACCB-4877-A4E1-E5981D31E24E}.Debug|Mixed Platforms.ActiveCfg = Debug|Any CPU
		{78E16AE7-ACCB-4877-A4E1-E5981D31E24E}.Debug|Mixed Platforms.Build.0 = Debug|Any CPU
		{78E16AE7-ACCB-4877-A4E1-E5981D31E24E}.Debug|x86.ActiveCfg = Debug|Any CPU
		{78E16AE7-ACCB-4877-A4E1-E5981D31E24E}.Debug|x86.Build.0 = Debug|Any CPU
		{78E16AE7-ACCB-4877-A4E1-E5981D31E24E}.Release|Any CPU.ActiveCfg = Release|Any CPU
		{78E16AE7-ACCB-4877-A4E1-E5981D31E24E}.Release|Any CPU.Build.0 = Release|Any CPU
		{78E16AE7-ACCB-4877-A4E1-E5981D31E24E}.Release|Mixed Platforms.ActiveCfg = Release|Any CPU
		{78E16AE7-ACCB-4877-A4E1-E5981D31E24E}.Release|Mixed Platforms.Build.0 = Release|Any CPU
		{78E16AE7-ACCB-4877-A4E1-E5981D31E24E}.Release|x86.ActiveCfg = Release|Any CPU
		{78E16AE7-ACCB-4877-A4E1-E5981D31E24E}.Release|x86.Build.0 = Release|Any CPU
		{B4001716-A293-4D9D-A031-F2CE38E3DB0C}.Debug|Any CPU.ActiveCfg = Debug|Any CPU
		{B4001716-A293-4D9D-A031-F2CE38E3DB0C}.Debug|Any CPU.Build.0 = Debug|Any CPU
		{B4001716-A293-4D9D-A031-F2CE38E3DB0C}.Debug|Mixed Platforms.ActiveCfg = Debug|Any CPU
		{B4001716-A293-4D9D-A031-F2CE38E3DB0C}.Debug|Mixed Platforms.Build.0 = Debug|Any CPU
		{B4001716-A293-4D9D-A031-F2CE38E3DB0C}.Debug|x86.ActiveCfg = Debug|Any CPU
		{B4001716-A293-4D9D-A031-F2CE38E3DB0C}.Debug|x86.Build.0 = Debug|Any CPU
		{B4001716-A293-4D9D-A031-F2CE38E3DB0C}.Release|Any CPU.ActiveCfg = Release|Any CPU
		{B4001716-A293-4D9D-A031-F2CE38E3DB0C}.Release|Any CPU.Build.0 = Release|Any CPU
		{B4001716-A293-4D9D-A031-F2CE38E3DB0C}.Release|Mixed Platforms.ActiveCfg = Release|Any CPU
		{B4001716-A293-4D9D-A031-F2CE38E3DB0C}.Release|Mixed Platforms.Build.0 = Release|Any CPU
		{B4001716-A293-4D9D-A031-F2CE38E3DB0C}.Release|x86.ActiveCfg = Release|Any CPU
		{B4001716-A293-4D9D-A031-F2CE38E3DB0C}.Release|x86.Build.0 = Release|Any CPU
		{08A2187C-B6F2-4279-87D7-C738A3F56BB7}.Debug|Any CPU.ActiveCfg = Debug|Any CPU
		{08A2187C-B6F2-4279-87D7-C738A3F56BB7}.Debug|Any CPU.Build.0 = Debug|Any CPU
		{08A2187C-B6F2-4279-87D7-C738A3F56BB7}.Debug|Mixed Platforms.ActiveCfg = Debug|Any CPU
		{08A2187C-B6F2-4279-87D7-C738A3F56BB7}.Debug|Mixed Platforms.Build.0 = Debug|Any CPU
		{08A2187C-B6F2-4279-87D7-C738A3F56BB7}.Debug|x86.ActiveCfg = Debug|Any CPU
		{08A2187C-B6F2-4279-87D7-C738A3F56BB7}.Debug|x86.Build.0 = Debug|Any CPU
		{08A2187C-B6F2-4279-87D7-C738A3F56BB7}.Release|Any CPU.ActiveCfg = Release|Any CPU
		{08A2187C-B6F2-4279-87D7-C738A3F56BB7}.Release|Any CPU.Build.0 = Release|Any CPU
		{08A2187C-B6F2-4279-87D7-C738A3F56BB7}.Release|Mixed Platforms.ActiveCfg = Release|Any CPU
		{08A2187C-B6F2-4279-87D7-C738A3F56BB7}.Release|Mixed Platforms.Build.0 = Release|Any CPU
		{08A2187C-B6F2-4279-87D7-C738A3F56BB7}.Release|x86.ActiveCfg = Release|Any CPU
		{08A2187C-B6F2-4279-87D7-C738A3F56BB7}.Release|x86.Build.0 = Release|Any CPU
		{35B6910A-AE16-4B35-8B37-9D6C1BFCD250}.Debug|Any CPU.ActiveCfg = Debug|Any CPU
		{35B6910A-AE16-4B35-8B37-9D6C1BFCD250}.Debug|Any CPU.Build.0 = Debug|Any CPU
		{35B6910A-AE16-4B35-8B37-9D6C1BFCD250}.Debug|Mixed Platforms.ActiveCfg = Debug|Any CPU
		{35B6910A-AE16-4B35-8B37-9D6C1BFCD250}.Debug|Mixed Platforms.Build.0 = Debug|Any CPU
		{35B6910A-AE16-4B35-8B37-9D6C1BFCD250}.Debug|x86.ActiveCfg = Debug|Any CPU
		{35B6910A-AE16-4B35-8B37-9D6C1BFCD250}.Debug|x86.Build.0 = Debug|Any CPU
		{35B6910A-AE16-4B35-8B37-9D6C1BFCD250}.Release|Any CPU.ActiveCfg = Release|Any CPU
		{35B6910A-AE16-4B35-8B37-9D6C1BFCD250}.Release|Any CPU.Build.0 = Release|Any CPU
		{35B6910A-AE16-4B35-8B37-9D6C1BFCD250}.Release|Mixed Platforms.ActiveCfg = Release|Any CPU
		{35B6910A-AE16-4B35-8B37-9D6C1BFCD250}.Release|Mixed Platforms.Build.0 = Release|Any CPU
		{35B6910A-AE16-4B35-8B37-9D6C1BFCD250}.Release|x86.ActiveCfg = Release|Any CPU
		{35B6910A-AE16-4B35-8B37-9D6C1BFCD250}.Release|x86.Build.0 = Release|Any CPU
	EndGlobalSection
	GlobalSection(SolutionProperties) = preSolution
		HideSolutionNode = FALSE
	EndGlobalSection
	GlobalSection(NestedProjects) = preSolution
		{BC5282AF-0E6A-41FF-B4C3-07D44A55E0BE} = {6E913090-EA34-4A90-8DBB-1501F9981F53}
		{5EC943B9-9907-4B3B-A5CD-9155F23E2D6A} = {6E913090-EA34-4A90-8DBB-1501F9981F53}
		{CBCECF22-8C57-45FB-BD64-93C2E23331F8} = {6E913090-EA34-4A90-8DBB-1501F9981F53}
		{68CE5112-727D-4462-9359-3557B8A8A7F6} = {CBCECF22-8C57-45FB-BD64-93C2E23331F8}
		{9C00DFEF-3926-4E8A-9DC7-87130C7F8E28} = {6E913090-EA34-4A90-8DBB-1501F9981F53}
		{BF604471-BF24-4B4F-815B-578BD8CE4A87} = {6E913090-EA34-4A90-8DBB-1501F9981F53}
		{5D11B3DD-E4A7-410C-BA71-3B24E18B53A4} = {5EC943B9-9907-4B3B-A5CD-9155F23E2D6A}
		{2A00037B-4310-423D-BF21-7BE7CA23EAAB} = {5EC943B9-9907-4B3B-A5CD-9155F23E2D6A}
		{8E280315-D75C-4BB2-AB1D-9D4C8B645116} = {68CE5112-727D-4462-9359-3557B8A8A7F6}
		{527CE148-9DE3-4967-AAEB-F17F7133ED13} = {68CE5112-727D-4462-9359-3557B8A8A7F6}
		{3D213367-C497-497F-9F08-C73CCE4E87AB} = {CBCECF22-8C57-45FB-BD64-93C2E23331F8}
		{2FC57E5B-7344-4E3F-B395-72FA218FCF79} = {BC5282AF-0E6A-41FF-B4C3-07D44A55E0BE}
		{E890017B-B365-4B90-A95B-9F1EB5E577E8} = {BC5282AF-0E6A-41FF-B4C3-07D44A55E0BE}
		{78E16AE7-ACCB-4877-A4E1-E5981D31E24E} = {BC5282AF-0E6A-41FF-B4C3-07D44A55E0BE}
		{B4001716-A293-4D9D-A031-F2CE38E3DB0C} = {BC5282AF-0E6A-41FF-B4C3-07D44A55E0BE}
		{08A2187C-B6F2-4279-87D7-C738A3F56BB7} = {BC5282AF-0E6A-41FF-B4C3-07D44A55E0BE}
		{35B6910A-AE16-4B35-8B37-9D6C1BFCD250} = {BC5282AF-0E6A-41FF-B4C3-07D44A55E0BE}
	EndGlobalSection
	GlobalSection(ExtensibilityGlobals) = postSolution
		SolutionGuid = {4B74146F-6755-49A8-B78C-4CB398840390}
	EndGlobalSection
EndGlobal
